
Microsoft Visual Studio Solution File, Format Version 12.00
# Visual Studio Version 17
VisualStudioVersion = 17.6.33829.357
MinimumVisualStudioVersion = 10.0.40219.1
Project("{FAE04EC0-301F-11D3-BF4B-00C04F79EFBC}") = "SettingsPage.UWP", "SettingsPage\SettingsPage.UWP\SettingsPage.UWP.csproj", "{08104193-211A-453D-95CA-DC9811FC5452}"
EndProject
Project("{FAE04EC0-301F-11D3-BF4B-00C04F79EFBC}") = "SettingsPage.Android", "SettingsPage\SettingsPage.Android\SettingsPage.Android.csproj", "{FDB83A2B-1873-4193-BC8B-9E65D3BCBE3E}"
EndProject
Project("{FAE04EC0-301F-11D3-BF4B-00C04F79EFBC}") = "SettingsPage.iOS", "SettingsPage\SettingsPage.iOS\SettingsPage.iOS.csproj", "{F36E2239-C080-4942-A51B-4D29419F4755}"
EndProject
Project("{FAE04EC0-301F-11D3-BF4B-00C04F79EFBC}") = "SettingsPage", "SettingsPage\SettingsPage\SettingsPage.csproj", "{E2D94BE2-1009-4A16-85C5-B221FC20C02C}"
EndProject
Global
	GlobalSection(SolutionConfigurationPlatforms) = preSolution
		Debug|Any CPU = Debug|Any CPU
		Debug|ARM = Debug|ARM
		Debug|iPhone = Debug|iPhone
		Debug|iPhoneSimulator = Debug|iPhoneSimulator
		Debug|x64 = Debug|x64
		Debug|x86 = Debug|x86
		Release|Any CPU = Release|Any CPU
		Release|ARM = Release|ARM
		Release|iPhone = Release|iPhone
		Release|iPhoneSimulator = Release|iPhoneSimulator
		Release|x64 = Release|x64
		Release|x86 = Release|x86
	EndGlobalSection
	GlobalSection(ProjectConfigurationPlatforms) = postSolution
		{08104193-211A-453D-95CA-DC9811FC5452}.Debug|Any CPU.ActiveCfg = Debug|x64
		{08104193-211A-453D-95CA-DC9811FC5452}.Debug|Any CPU.Build.0 = Debug|x64
		{08104193-211A-453D-95CA-DC9811FC5452}.Debug|Any CPU.Deploy.0 = Debug|x64
		{08104193-211A-453D-95CA-DC9811FC5452}.Debug|ARM.ActiveCfg = Debug|ARM
		{08104193-211A-453D-95CA-DC9811FC5452}.Debug|ARM.Build.0 = Debug|ARM
		{08104193-211A-453D-95CA-DC9811FC5452}.Debug|ARM.Deploy.0 = Debug|ARM
		{08104193-211A-453D-95CA-DC9811FC5452}.Debug|iPhone.ActiveCfg = Debug|x64
		{08104193-211A-453D-95CA-DC9811FC5452}.Debug|iPhone.Build.0 = Debug|x64
		{08104193-211A-453D-95CA-DC9811FC5452}.Debug|iPhone.Deploy.0 = Debug|x64
		{08104193-211A-453D-95CA-DC9811FC5452}.Debug|iPhoneSimulator.ActiveCfg = Debug|x64
		{08104193-211A-453D-95CA-DC9811FC5452}.Debug|iPhoneSimulator.Build.0 = Debug|x64
		{08104193-211A-453D-95CA-DC9811FC5452}.Debug|iPhoneSimulator.Deploy.0 = Debug|x64
		{08104193-211A-453D-95CA-DC9811FC5452}.Debug|x64.ActiveCfg = Debug|x64
		{08104193-211A-453D-95CA-DC9811FC5452}.Debug|x64.Build.0 = Debug|x64
		{08104193-211A-453D-95CA-DC9811FC5452}.Debug|x64.Deploy.0 = Debug|x64
		{08104193-211A-453D-95CA-DC9811FC5452}.Debug|x86.ActiveCfg = Debug|x86
		{08104193-211A-453D-95CA-DC9811FC5452}.Debug|x86.Build.0 = Debug|x86
		{08104193-211A-453D-95CA-DC9811FC5452}.Debug|x86.Deploy.0 = Debug|x86
		{08104193-211A-453D-95CA-DC9811FC5452}.Release|Any CPU.ActiveCfg = Release|x64
		{08104193-211A-453D-95CA-DC9811FC5452}.Release|Any CPU.Build.0 = Release|x64
		{08104193-211A-453D-95CA-DC9811FC5452}.Release|Any CPU.Deploy.0 = Release|x64
		{08104193-211A-453D-95CA-DC9811FC5452}.Release|ARM.ActiveCfg = Release|ARM
		{08104193-211A-453D-95CA-DC9811FC5452}.Release|ARM.Build.0 = Release|ARM
		{08104193-211A-453D-95CA-DC9811FC5452}.Release|ARM.Deploy.0 = Release|ARM
		{08104193-211A-453D-95CA-DC9811FC5452}.Release|iPhone.ActiveCfg = Release|x64
		{08104193-211A-453D-95CA-DC9811FC5452}.Release|iPhone.Build.0 = Release|x64
		{08104193-211A-453D-95CA-DC9811FC5452}.Release|iPhone.Deploy.0 = Release|x64
		{08104193-211A-453D-95CA-DC9811FC5452}.Release|iPhoneSimulator.ActiveCfg = Release|x64
		{08104193-211A-453D-95CA-DC9811FC5452}.Release|iPhoneSimulator.Build.0 = Release|x64
		{08104193-211A-453D-95CA-DC9811FC5452}.Release|iPhoneSimulator.Deploy.0 = Release|x64
		{08104193-211A-453D-95CA-DC9811FC5452}.Release|x64.ActiveCfg = Release|x64
		{08104193-211A-453D-95CA-DC9811FC5452}.Release|x64.Build.0 = Release|x64
		{08104193-211A-453D-95CA-DC9811FC5452}.Release|x64.Deploy.0 = Release|x64
		{08104193-211A-453D-95CA-DC9811FC5452}.Release|x86.ActiveCfg = Release|x86
		{08104193-211A-453D-95CA-DC9811FC5452}.Release|x86.Build.0 = Release|x86
		{08104193-211A-453D-95CA-DC9811FC5452}.Release|x86.Deploy.0 = Release|x86
		{FDB83A2B-1873-4193-BC8B-9E65D3BCBE3E}.Debug|Any CPU.ActiveCfg = Debug|Any CPU
		{FDB83A2B-1873-4193-BC8B-9E65D3BCBE3E}.Debug|Any CPU.Build.0 = Debug|Any CPU
		{FDB83A2B-1873-4193-BC8B-9E65D3BCBE3E}.Debug|Any CPU.Deploy.0 = Debug|Any CPU
		{FDB83A2B-1873-4193-BC8B-9E65D3BCBE3E}.Debug|ARM.ActiveCfg = Debug|Any CPU
		{FDB83A2B-1873-4193-BC8B-9E65D3BCBE3E}.Debug|ARM.Build.0 = Debug|Any CPU
		{FDB83A2B-1873-4193-BC8B-9E65D3BCBE3E}.Debug|ARM.Deploy.0 = Debug|Any CPU
		{FDB83A2B-1873-4193-BC8B-9E65D3BCBE3E}.Debug|iPhone.ActiveCfg = Debug|Any CPU
		{FDB83A2B-1873-4193-BC8B-9E65D3BCBE3E}.Debug|iPhone.Build.0 = Debug|Any CPU
		{FDB83A2B-1873-4193-BC8B-9E65D3BCBE3E}.Debug|iPhone.Deploy.0 = Debug|Any CPU
		{FDB83A2B-1873-4193-BC8B-9E65D3BCBE3E}.Debug|iPhoneSimulator.ActiveCfg = Debug|Any CPU
		{FDB83A2B-1873-4193-BC8B-9E65D3BCBE3E}.Debug|iPhoneSimulator.Build.0 = Debug|Any CPU
		{FDB83A2B-1873-4193-BC8B-9E65D3BCBE3E}.Debug|iPhoneSimulator.Deploy.0 = Debug|Any CPU
		{FDB83A2B-1873-4193-BC8B-9E65D3BCBE3E}.Debug|x64.ActiveCfg = Debug|Any CPU
		{FDB83A2B-1873-4193-BC8B-9E65D3BCBE3E}.Debug|x64.Build.0 = Debug|Any CPU
		{FDB83A2B-1873-4193-BC8B-9E65D3BCBE3E}.Debug|x64.Deploy.0 = Debug|Any CPU
		{FDB83A2B-1873-4193-BC8B-9E65D3BCBE3E}.Debug|x86.ActiveCfg = Debug|Any CPU
		{FDB83A2B-1873-4193-BC8B-9E65D3BCBE3E}.Debug|x86.Build.0 = Debug|Any CPU
		{FDB83A2B-1873-4193-BC8B-9E65D3BCBE3E}.Debug|x86.Deploy.0 = Debug|Any CPU
		{FDB83A2B-1873-4193-BC8B-9E65D3BCBE3E}.Release|Any CPU.ActiveCfg = Release|Any CPU
		{FDB83A2B-1873-4193-BC8B-9E65D3BCBE3E}.Release|Any CPU.Build.0 = Release|Any CPU
		{FDB83A2B-1873-4193-BC8B-9E65D3BCBE3E}.Release|Any CPU.Deploy.0 = Release|Any CPU
		{FDB83A2B-1873-4193-BC8B-9E65D3BCBE3E}.Release|ARM.ActiveCfg = Release|Any CPU
		{FDB83A2B-1873-4193-BC8B-9E65D3BCBE3E}.Release|ARM.Build.0 = Release|Any CPU
		{FDB83A2B-1873-4193-BC8B-9E65D3BCBE3E}.Release|ARM.Deploy.0 = Release|Any CPU
		{FDB83A2B-1873-4193-BC8B-9E65D3BCBE3E}.Release|iPhone.ActiveCfg = Release|Any CPU
		{FDB83A2B-1873-4193-BC8B-9E65D3BCBE3E}.Release|iPhone.Build.0 = Release|Any CPU
		{FDB83A2B-1873-4193-BC8B-9E65D3BCBE3E}.Release|iPhone.Deploy.0 = Release|Any CPU
		{FDB83A2B-1873-4193-BC8B-9E65D3BCBE3E}.Release|iPhoneSimulator.ActiveCfg = Release|Any CPU
		{FDB83A2B-1873-4193-BC8B-9E65D3BCBE3E}.Release|iPhoneSimulator.Build.0 = Release|Any CPU
		{FDB83A2B-1873-4193-BC8B-9E65D3BCBE3E}.Release|iPhoneSimulator.Deploy.0 = Release|Any CPU
		{FDB83A2B-1873-4193-BC8B-9E65D3BCBE3E}.Release|x64.ActiveCfg = Release|Any CPU
		{FDB83A2B-1873-4193-BC8B-9E65D3BCBE3E}.Release|x64.Build.0 = Release|Any CPU
		{FDB83A2B-1873-4193-BC8B-9E65D3BCBE3E}.Release|x64.Deploy.0 = Release|Any CPU
		{FDB83A2B-1873-4193-BC8B-9E65D3BCBE3E}.Release|x86.ActiveCfg = Release|Any CPU
		{FDB83A2B-1873-4193-BC8B-9E65D3BCBE3E}.Release|x86.Build.0 = Release|Any CPU
		{FDB83A2B-1873-4193-BC8B-9E65D3BCBE3E}.Release|x86.Deploy.0 = Release|Any CPU
		{F36E2239-C080-4942-A51B-4D29419F4755}.Debug|Any CPU.ActiveCfg = Debug|iPhoneSimulator
		{F36E2239-C080-4942-A51B-4D29419F4755}.Debug|Any CPU.Build.0 = Debug|iPhoneSimulator
		{F36E2239-C080-4942-A51B-4D29419F4755}.Debug|Any CPU.Deploy.0 = Debug|iPhoneSimulator
		{F36E2239-C080-4942-A51B-4D29419F4755}.Debug|ARM.ActiveCfg = Debug|iPhoneSimulator
		{F36E2239-C080-4942-A51B-4D29419F4755}.Debug|ARM.Build.0 = Debug|iPhoneSimulator
		{F36E2239-C080-4942-A51B-4D29419F4755}.Debug|ARM.Deploy.0 = Debug|iPhoneSimulator
		{F36E2239-C080-4942-A51B-4D29419F4755}.Debug|iPhone.ActiveCfg = Debug|iPhone
		{F36E2239-C080-4942-A51B-4D29419F4755}.Debug|iPhone.Build.0 = Debug|iPhone
		{F36E2239-C080-4942-A51B-4D29419F4755}.Debug|iPhone.Deploy.0 = Debug|iPhone
		{F36E2239-C080-4942-A51B-4D29419F4755}.Debug|iPhoneSimulator.ActiveCfg = Debug|iPhoneSimulator
		{F36E2239-C080-4942-A51B-4D29419F4755}.Debug|iPhoneSimulator.Build.0 = Debug|iPhoneSimulator
		{F36E2239-C080-4942-A51B-4D29419F4755}.Debug|iPhoneSimulator.Deploy.0 = Debug|iPhoneSimulator
		{F36E2239-C080-4942-A51B-4D29419F4755}.Debug|x64.ActiveCfg = Debug|iPhone
		{F36E2239-C080-4942-A51B-4D29419F4755}.Debug|x64.Build.0 = Debug|iPhone
		{F36E2239-C080-4942-A51B-4D29419F4755}.Debug|x64.Deploy.0 = Debug|iPhone
		{F36E2239-C080-4942-A51B-4D29419F4755}.Debug|x86.ActiveCfg = Debug|iPhoneSimulator
		{F36E2239-C080-4942-A51B-4D29419F4755}.Debug|x86.Build.0 = Debug|iPhoneSimulator
		{F36E2239-C080-4942-A51B-4D29419F4755}.Debug|x86.Deploy.0 = Debug|iPhoneSimulator
		{F36E2239-C080-4942-A51B-4D29419F4755}.Release|Any CPU.ActiveCfg = Release|iPhoneSimulator
		{F36E2239-C080-4942-A51B-4D29419F4755}.Release|Any CPU.Build.0 = Release|iPhoneSimulator
		{F36E2239-C080-4942-A51B-4D29419F4755}.Release|Any CPU.Deploy.0 = Release|iPhoneSimulator
		{F36E2239-C080-4942-A51B-4D29419F4755}.Release|ARM.ActiveCfg = Release|iPhoneSimulator
		{F36E2239-C080-4942-A51B-4D29419F4755}.Release|ARM.Build.0 = Release|iPhoneSimulator
		{F36E2239-C080-4942-A51B-4D29419F4755}.Release|ARM.Deploy.0 = Release|iPhoneSimulator
		{F36E2239-C080-4942-A51B-4D29419F4755}.Release|iPhone.ActiveCfg = Release|iPhone
		{F36E2239-C080-4942-A51B-4D29419F4755}.Release|iPhone.Build.0 = Release|iPhone
		{F36E2239-C080-4942-A51B-4D29419F4755}.Release|iPhone.Deploy.0 = Release|iPhone
		{F36E2239-C080-4942-A51B-4D29419F4755}.Release|iPhoneSimulator.ActiveCfg = Release|iPhoneSimulator
		{F36E2239-C080-4942-A51B-4D29419F4755}.Release|iPhoneSimulator.Build.0 = Release|iPhoneSimulator
		{F36E2239-C080-4942-A51B-4D29419F4755}.Release|iPhoneSimulator.Deploy.0 = Release|iPhoneSimulator
		{F36E2239-C080-4942-A51B-4D29419F4755}.Release|x64.ActiveCfg = Release|iPhoneSimulator
		{F36E2239-C080-4942-A51B-4D29419F4755}.Release|x64.Build.0 = Release|iPhoneSimulator
		{F36E2239-C080-4942-A51B-4D29419F4755}.Release|x64.Deploy.0 = Release|iPhoneSimulator
		{F36E2239-C080-4942-A51B-4D29419F4755}.Release|x86.ActiveCfg = Release|iPhoneSimulator
		{F36E2239-C080-4942-A51B-4D29419F4755}.Release|x86.Build.0 = Release|iPhoneSimulator
		{F36E2239-C080-4942-A51B-4D29419F4755}.Release|x86.Deploy.0 = Release|iPhoneSimulator
		{E2D94BE2-1009-4A16-85C5-B221FC20C02C}.Debug|Any CPU.ActiveCfg = Debug|Any CPU
		{E2D94BE2-1009-4A16-85C5-B221FC20C02C}.Debug|Any CPU.Build.0 = Debug|Any CPU
		{E2D94BE2-1009-4A16-85C5-B221FC20C02C}.Debug|Any CPU.Deploy.0 = Debug|Any CPU
		{E2D94BE2-1009-4A16-85C5-B221FC20C02C}.Debug|ARM.ActiveCfg = Debug|Any CPU
		{E2D94BE2-1009-4A16-85C5-B221FC20C02C}.Debug|ARM.Build.0 = Debug|Any CPU
		{E2D94BE2-1009-4A16-85C5-B221FC20C02C}.Debug|ARM.Deploy.0 = Debug|Any CPU
		{E2D94BE2-1009-4A16-85C5-B221FC20C02C}.Debug|iPhone.ActiveCfg = Debug|Any CPU
		{E2D94BE2-1009-4A16-85C5-B221FC20C02C}.Debug|iPhone.Build.0 = Debug|Any CPU
		{E2D94BE2-1009-4A16-85C5-B221FC20C02C}.Debug|iPhone.Deploy.0 = Debug|Any CPU
		{E2D94BE2-1009-4A16-85C5-B221FC20C02C}.Debug|iPhoneSimulator.ActiveCfg = Debug|Any CPU
		{E2D94BE2-1009-4A16-85C5-B221FC20C02C}.Debug|iPhoneSimulator.Build.0 = Debug|Any CPU
		{E2D94BE2-1009-4A16-85C5-B221FC20C02C}.Debug|iPhoneSimulator.Deploy.0 = Debug|Any CPU
		{E2D94BE2-1009-4A16-85C5-B221FC20C02C}.Debug|x64.ActiveCfg = Debug|Any CPU
		{E2D94BE2-1009-4A16-85C5-B221FC20C02C}.Debug|x64.Build.0 = Debug|Any CPU
		{E2D94BE2-1009-4A16-85C5-B221FC20C02C}.Debug|x64.Deploy.0 = Debug|Any CPU
		{E2D94BE2-1009-4A16-85C5-B221FC20C02C}.Debug|x86.ActiveCfg = Debug|Any CPU
		{E2D94BE2-1009-4A16-85C5-B221FC20C02C}.Debug|x86.Build.0 = Debug|Any CPU
		{E2D94BE2-1009-4A16-85C5-B221FC20C02C}.Debug|x86.Deploy.0 = Debug|Any CPU
		{E2D94BE2-1009-4A16-85C5-B221FC20C02C}.Release|Any CPU.ActiveCfg = Release|Any CPU
		{E2D94BE2-1009-4A16-85C5-B221FC20C02C}.Release|Any CPU.Build.0 = Release|Any CPU
		{E2D94BE2-1009-4A16-85C5-B221FC20C02C}.Release|Any CPU.Deploy.0 = Release|Any CPU
		{E2D94BE2-1009-4A16-85C5-B221FC20C02C}.Release|ARM.ActiveCfg = Release|Any CPU
		{E2D94BE2-1009-4A16-85C5-B221FC20C02C}.Release|ARM.Build.0 = Release|Any CPU
		{E2D94BE2-1009-4A16-85C5-B221FC20C02C}.Release|ARM.Deploy.0 = Release|Any CPU
		{E2D94BE2-1009-4A16-85C5-B221FC20C02C}.Release|iPhone.ActiveCfg = Release|Any CPU
		{E2D94BE2-1009-4A16-85C5-B221FC20C02C}.Release|iPhone.Build.0 = Release|Any CPU
		{E2D94BE2-1009-4A16-85C5-B221FC20C02C}.Release|iPhone.Deploy.0 = Release|Any CPU
		{E2D94BE2-1009-4A16-85C5-B221FC20C02C}.Release|iPhoneSimulator.ActiveCfg = Release|Any CPU
		{E2D94BE2-1009-4A16-85C5-B221FC20C02C}.Release|iPhoneSimulator.Build.0 = Release|Any CPU
		{E2D94BE2-1009-4A16-85C5-B221FC20C02C}.Release|iPhoneSimulator.Deploy.0 = Release|Any CPU
		{E2D94BE2-1009-4A16-85C5-B221FC20C02C}.Release|x64.ActiveCfg = Release|Any CPU
		{E2D94BE2-1009-4A16-85C5-B221FC20C02C}.Release|x64.Build.0 = Release|Any CPU
		{E2D94BE2-1009-4A16-85C5-B221FC20C02C}.Release|x64.Deploy.0 = Release|Any CPU
		{E2D94BE2-1009-4A16-85C5-B221FC20C02C}.Release|x86.ActiveCfg = Release|Any CPU
		{E2D94BE2-1009-4A16-85C5-B221FC20C02C}.Release|x86.Build.0 = Release|Any CPU
		{E2D94BE2-1009-4A16-85C5-B221FC20C02C}.Release|x86.Deploy.0 = Release|Any CPU
	EndGlobalSection
	GlobalSection(SolutionProperties) = preSolution
		HideSolutionNode = FALSE
	EndGlobalSection
	GlobalSection(ExtensibilityGlobals) = postSolution
		SolutionGuid = {8E0A04B3-1E41-47EE-BC2F-8A211A9EDE1E}
	EndGlobalSection
EndGlobal
