
Microsoft Visual Studio Solution File, Format Version 12.00
# Visual Studio Version 17
VisualStudioVersion = 17.6.33829.357
MinimumVisualStudioVersion = 10.0.40219.1
Project("{FAE04EC0-301F-11D3-BF4B-00C04F79EFBC}") = "VideoPlayerApp.UWP", "VideoPlayerApp\VideoPlayerApp.UWP\VideoPlayerApp.UWP.csproj", "{7B3A956B-69C9-4FFC-A6D9-8A92A11B2A84}"
EndProject
Project("{FAE04EC0-301F-11D3-BF4B-00C04F79EFBC}") = "VideoPlayerApp.Android", "VideoPlayerApp\VideoPlayerApp.Android\VideoPlayerApp.Android.csproj", "{AF15AA36-2E3B-42F9-8463-16422F22B795}"
EndProject
Project("{FAE04EC0-301F-11D3-BF4B-00C04F79EFBC}") = "VideoPlayerApp.iOS", "VideoPlayerApp\VideoPlayerApp.iOS\VideoPlayerApp.iOS.csproj", "{8E26EF68-C940-41E0-B36C-A781EF6159FE}"
EndProject
Project("{FAE04EC0-301F-11D3-BF4B-00C04F79EFBC}") = "VideoPlayerApp", "VideoPlayerApp\VideoPlayerApp\VideoPlayerApp.csproj", "{5CC05956-5178-4A6E-96D0-157360C4AEB2}"
EndProject
Global
	GlobalSection(SolutionConfigurationPlatforms) = preSolution
		Debug|Any CPU = Debug|Any CPU
		Debug|ARM = Debug|ARM
		Debug|iPhone = Debug|iPhone
		Debug|iPhoneSimulator = Debug|iPhoneSimulator
		Debug|x64 = Debug|x64
		Debug|x86 = Debug|x86
		Release|Any CPU = Release|Any CPU
		Release|ARM = Release|ARM
		Release|iPhone = Release|iPhone
		Release|iPhoneSimulator = Release|iPhoneSimulator
		Release|x64 = Release|x64
		Release|x86 = Release|x86
	EndGlobalSection
	GlobalSection(ProjectConfigurationPlatforms) = postSolution
		{7B3A956B-69C9-4FFC-A6D9-8A92A11B2A84}.Debug|Any CPU.ActiveCfg = Debug|x64
		{7B3A956B-69C9-4FFC-A6D9-8A92A11B2A84}.Debug|Any CPU.Build.0 = Debug|x64
		{7B3A956B-69C9-4FFC-A6D9-8A92A11B2A84}.Debug|Any CPU.Deploy.0 = Debug|x64
		{7B3A956B-69C9-4FFC-A6D9-8A92A11B2A84}.Debug|ARM.ActiveCfg = Debug|ARM
		{7B3A956B-69C9-4FFC-A6D9-8A92A11B2A84}.Debug|ARM.Build.0 = Debug|ARM
		{7B3A956B-69C9-4FFC-A6D9-8A92A11B2A84}.Debug|ARM.Deploy.0 = Debug|ARM
		{7B3A956B-69C9-4FFC-A6D9-8A92A11B2A84}.Debug|iPhone.ActiveCfg = Debug|x64
		{7B3A956B-69C9-4FFC-A6D9-8A92A11B2A84}.Debug|iPhone.Build.0 = Debug|x64
		{7B3A956B-69C9-4FFC-A6D9-8A92A11B2A84}.Debug|iPhone.Deploy.0 = Debug|x64
		{7B3A956B-69C9-4FFC-A6D9-8A92A11B2A84}.Debug|iPhoneSimulator.ActiveCfg = Debug|x64
		{7B3A956B-69C9-4FFC-A6D9-8A92A11B2A84}.Debug|iPhoneSimulator.Build.0 = Debug|x64
		{7B3A956B-69C9-4FFC-A6D9-8A92A11B2A84}.Debug|iPhoneSimulator.Deploy.0 = Debug|x64
		{7B3A956B-69C9-4FFC-A6D9-8A92A11B2A84}.Debug|x64.ActiveCfg = Debug|x64
		{7B3A956B-69C9-4FFC-A6D9-8A92A11B2A84}.Debug|x64.Build.0 = Debug|x64
		{7B3A956B-69C9-4FFC-A6D9-8A92A11B2A84}.Debug|x64.Deploy.0 = Debug|x64
		{7B3A956B-69C9-4FFC-A6D9-8A92A11B2A84}.Debug|x86.ActiveCfg = Debug|x86
		{7B3A956B-69C9-4FFC-A6D9-8A92A11B2A84}.Debug|x86.Build.0 = Debug|x86
		{7B3A956B-69C9-4FFC-A6D9-8A92A11B2A84}.Debug|x86.Deploy.0 = Debug|x86
		{7B3A956B-69C9-4FFC-A6D9-8A92A11B2A84}.Release|Any CPU.ActiveCfg = Release|x64
		{7B3A956B-69C9-4FFC-A6D9-8A92A11B2A84}.Release|Any CPU.Build.0 = Release|x64
		{7B3A956B-69C9-4FFC-A6D9-8A92A11B2A84}.Release|Any CPU.Deploy.0 = Release|x64
		{7B3A956B-69C9-4FFC-A6D9-8A92A11B2A84}.Release|ARM.ActiveCfg = Release|ARM
		{7B3A956B-69C9-4FFC-A6D9-8A92A11B2A84}.Release|ARM.Build.0 = Release|ARM
		{7B3A956B-69C9-4FFC-A6D9-8A92A11B2A84}.Release|ARM.Deploy.0 = Release|ARM
		{7B3A956B-69C9-4FFC-A6D9-8A92A11B2A84}.Release|iPhone.ActiveCfg = Release|x64
		{7B3A956B-69C9-4FFC-A6D9-8A92A11B2A84}.Release|iPhone.Build.0 = Release|x64
		{7B3A956B-69C9-4FFC-A6D9-8A92A11B2A84}.Release|iPhone.Deploy.0 = Release|x64
		{7B3A956B-69C9-4FFC-A6D9-8A92A11B2A84}.Release|iPhoneSimulator.ActiveCfg = Release|x64
		{7B3A956B-69C9-4FFC-A6D9-8A92A11B2A84}.Release|iPhoneSimulator.Build.0 = Release|x64
		{7B3A956B-69C9-4FFC-A6D9-8A92A11B2A84}.Release|iPhoneSimulator.Deploy.0 = Release|x64
		{7B3A956B-69C9-4FFC-A6D9-8A92A11B2A84}.Release|x64.ActiveCfg = Release|x64
		{7B3A956B-69C9-4FFC-A6D9-8A92A11B2A84}.Release|x64.Build.0 = Release|x64
		{7B3A956B-69C9-4FFC-A6D9-8A92A11B2A84}.Release|x64.Deploy.0 = Release|x64
		{7B3A956B-69C9-4FFC-A6D9-8A92A11B2A84}.Release|x86.ActiveCfg = Release|x86
		{7B3A956B-69C9-4FFC-A6D9-8A92A11B2A84}.Release|x86.Build.0 = Release|x86
		{7B3A956B-69C9-4FFC-A6D9-8A92A11B2A84}.Release|x86.Deploy.0 = Release|x86
		{AF15AA36-2E3B-42F9-8463-16422F22B795}.Debug|Any CPU.ActiveCfg = Debug|Any CPU
		{AF15AA36-2E3B-42F9-8463-16422F22B795}.Debug|Any CPU.Build.0 = Debug|Any CPU
		{AF15AA36-2E3B-42F9-8463-16422F22B795}.Debug|Any CPU.Deploy.0 = Debug|Any CPU
		{AF15AA36-2E3B-42F9-8463-16422F22B795}.Debug|ARM.ActiveCfg = Debug|Any CPU
		{AF15AA36-2E3B-42F9-8463-16422F22B795}.Debug|ARM.Build.0 = Debug|Any CPU
		{AF15AA36-2E3B-42F9-8463-16422F22B795}.Debug|ARM.Deploy.0 = Debug|Any CPU
		{AF15AA36-2E3B-42F9-8463-16422F22B795}.Debug|iPhone.ActiveCfg = Debug|Any CPU
		{AF15AA36-2E3B-42F9-8463-16422F22B795}.Debug|iPhone.Build.0 = Debug|Any CPU
		{AF15AA36-2E3B-42F9-8463-16422F22B795}.Debug|iPhone.Deploy.0 = Debug|Any CPU
		{AF15AA36-2E3B-42F9-8463-16422F22B795}.Debug|iPhoneSimulator.ActiveCfg = Debug|Any CPU
		{AF15AA36-2E3B-42F9-8463-16422F22B795}.Debug|iPhoneSimulator.Build.0 = Debug|Any CPU
		{AF15AA36-2E3B-42F9-8463-16422F22B795}.Debug|iPhoneSimulator.Deploy.0 = Debug|Any CPU
		{AF15AA36-2E3B-42F9-8463-16422F22B795}.Debug|x64.ActiveCfg = Debug|Any CPU
		{AF15AA36-2E3B-42F9-8463-16422F22B795}.Debug|x64.Build.0 = Debug|Any CPU
		{AF15AA36-2E3B-42F9-8463-16422F22B795}.Debug|x64.Deploy.0 = Debug|Any CPU
		{AF15AA36-2E3B-42F9-8463-16422F22B795}.Debug|x86.ActiveCfg = Debug|Any CPU
		{AF15AA36-2E3B-42F9-8463-16422F22B795}.Debug|x86.Build.0 = Debug|Any CPU
		{AF15AA36-2E3B-42F9-8463-16422F22B795}.Debug|x86.Deploy.0 = Debug|Any CPU
		{AF15AA36-2E3B-42F9-8463-16422F22B795}.Release|Any CPU.ActiveCfg = Release|Any CPU
		{AF15AA36-2E3B-42F9-8463-16422F22B795}.Release|Any CPU.Build.0 = Release|Any CPU
		{AF15AA36-2E3B-42F9-8463-16422F22B795}.Release|Any CPU.Deploy.0 = Release|Any CPU
		{AF15AA36-2E3B-42F9-8463-16422F22B795}.Release|ARM.ActiveCfg = Release|Any CPU
		{AF15AA36-2E3B-42F9-8463-16422F22B795}.Release|ARM.Build.0 = Release|Any CPU
		{AF15AA36-2E3B-42F9-8463-16422F22B795}.Release|ARM.Deploy.0 = Release|Any CPU
		{AF15AA36-2E3B-42F9-8463-16422F22B795}.Release|iPhone.ActiveCfg = Release|Any CPU
		{AF15AA36-2E3B-42F9-8463-16422F22B795}.Release|iPhone.Build.0 = Release|Any CPU
		{AF15AA36-2E3B-42F9-8463-16422F22B795}.Release|iPhone.Deploy.0 = Release|Any CPU
		{AF15AA36-2E3B-42F9-8463-16422F22B795}.Release|iPhoneSimulator.ActiveCfg = Release|Any CPU
		{AF15AA36-2E3B-42F9-8463-16422F22B795}.Release|iPhoneSimulator.Build.0 = Release|Any CPU
		{AF15AA36-2E3B-42F9-8463-16422F22B795}.Release|iPhoneSimulator.Deploy.0 = Release|Any CPU
		{AF15AA36-2E3B-42F9-8463-16422F22B795}.Release|x64.ActiveCfg = Release|Any CPU
		{AF15AA36-2E3B-42F9-8463-16422F22B795}.Release|x64.Build.0 = Release|Any CPU
		{AF15AA36-2E3B-42F9-8463-16422F22B795}.Release|x64.Deploy.0 = Release|Any CPU
		{AF15AA36-2E3B-42F9-8463-16422F22B795}.Release|x86.ActiveCfg = Release|Any CPU
		{AF15AA36-2E3B-42F9-8463-16422F22B795}.Release|x86.Build.0 = Release|Any CPU
		{AF15AA36-2E3B-42F9-8463-16422F22B795}.Release|x86.Deploy.0 = Release|Any CPU
		{8E26EF68-C940-41E0-B36C-A781EF6159FE}.Debug|Any CPU.ActiveCfg = Debug|iPhoneSimulator
		{8E26EF68-C940-41E0-B36C-A781EF6159FE}.Debug|Any CPU.Build.0 = Debug|iPhoneSimulator
		{8E26EF68-C940-41E0-B36C-A781EF6159FE}.Debug|Any CPU.Deploy.0 = Debug|iPhoneSimulator
		{8E26EF68-C940-41E0-B36C-A781EF6159FE}.Debug|ARM.ActiveCfg = Debug|iPhoneSimulator
		{8E26EF68-C940-41E0-B36C-A781EF6159FE}.Debug|ARM.Build.0 = Debug|iPhoneSimulator
		{8E26EF68-C940-41E0-B36C-A781EF6159FE}.Debug|ARM.Deploy.0 = Debug|iPhoneSimulator
		{8E26EF68-C940-41E0-B36C-A781EF6159FE}.Debug|iPhone.ActiveCfg = Debug|iPhone
		{8E26EF68-C940-41E0-B36C-A781EF6159FE}.Debug|iPhone.Build.0 = Debug|iPhone
		{8E26EF68-C940-41E0-B36C-A781EF6159FE}.Debug|iPhone.Deploy.0 = Debug|iPhone
		{8E26EF68-C940-41E0-B36C-A781EF6159FE}.Debug|iPhoneSimulator.ActiveCfg = Debug|iPhoneSimulator
		{8E26EF68-C940-41E0-B36C-A781EF6159FE}.Debug|iPhoneSimulator.Build.0 = Debug|iPhoneSimulator
		{8E26EF68-C940-41E0-B36C-A781EF6159FE}.Debug|iPhoneSimulator.Deploy.0 = Debug|iPhoneSimulator
		{8E26EF68-C940-41E0-B36C-A781EF6159FE}.Debug|x64.ActiveCfg = Debug|iPhone
		{8E26EF68-C940-41E0-B36C-A781EF6159FE}.Debug|x64.Build.0 = Debug|iPhone
		{8E26EF68-C940-41E0-B36C-A781EF6159FE}.Debug|x64.Deploy.0 = Debug|iPhone
		{8E26EF68-C940-41E0-B36C-A781EF6159FE}.Debug|x86.ActiveCfg = Debug|iPhoneSimulator
		{8E26EF68-C940-41E0-B36C-A781EF6159FE}.Debug|x86.Build.0 = Debug|iPhoneSimulator
		{8E26EF68-C940-41E0-B36C-A781EF6159FE}.Debug|x86.Deploy.0 = Debug|iPhoneSimulator
		{8E26EF68-C940-41E0-B36C-A781EF6159FE}.Release|Any CPU.ActiveCfg = Release|iPhoneSimulator
		{8E26EF68-C940-41E0-B36C-A781EF6159FE}.Release|Any CPU.Build.0 = Release|iPhoneSimulator
		{8E26EF68-C940-41E0-B36C-A781EF6159FE}.Release|Any CPU.Deploy.0 = Release|iPhoneSimulator
		{8E26EF68-C940-41E0-B36C-A781EF6159FE}.Release|ARM.ActiveCfg = Release|iPhoneSimulator
		{8E26EF68-C940-41E0-B36C-A781EF6159FE}.Release|ARM.Build.0 = Release|iPhoneSimulator
		{8E26EF68-C940-41E0-B36C-A781EF6159FE}.Release|ARM.Deploy.0 = Release|iPhoneSimulator
		{8E26EF68-C940-41E0-B36C-A781EF6159FE}.Release|iPhone.ActiveCfg = Release|iPhone
		{8E26EF68-C940-41E0-B36C-A781EF6159FE}.Release|iPhone.Build.0 = Release|iPhone
		{8E26EF68-C940-41E0-B36C-A781EF6159FE}.Release|iPhone.Deploy.0 = Release|iPhone
		{8E26EF68-C940-41E0-B36C-A781EF6159FE}.Release|iPhoneSimulator.ActiveCfg = Release|iPhoneSimulator
		{8E26EF68-C940-41E0-B36C-A781EF6159FE}.Release|iPhoneSimulator.Build.0 = Release|iPhoneSimulator
		{8E26EF68-C940-41E0-B36C-A781EF6159FE}.Release|iPhoneSimulator.Deploy.0 = Release|iPhoneSimulator
		{8E26EF68-C940-41E0-B36C-A781EF6159FE}.Release|x64.ActiveCfg = Release|iPhoneSimulator
		{8E26EF68-C940-41E0-B36C-A781EF6159FE}.Release|x64.Build.0 = Release|iPhoneSimulator
		{8E26EF68-C940-41E0-B36C-A781EF6159FE}.Release|x64.Deploy.0 = Release|iPhoneSimulator
		{8E26EF68-C940-41E0-B36C-A781EF6159FE}.Release|x86.ActiveCfg = Release|iPhoneSimulator
		{8E26EF68-C940-41E0-B36C-A781EF6159FE}.Release|x86.Build.0 = Release|iPhoneSimulator
		{8E26EF68-C940-41E0-B36C-A781EF6159FE}.Release|x86.Deploy.0 = Release|iPhoneSimulator
		{5CC05956-5178-4A6E-96D0-157360C4AEB2}.Debug|Any CPU.ActiveCfg = Debug|Any CPU
		{5CC05956-5178-4A6E-96D0-157360C4AEB2}.Debug|Any CPU.Build.0 = Debug|Any CPU
		{5CC05956-5178-4A6E-96D0-157360C4AEB2}.Debug|Any CPU.Deploy.0 = Debug|Any CPU
		{5CC05956-5178-4A6E-96D0-157360C4AEB2}.Debug|ARM.ActiveCfg = Debug|Any CPU
		{5CC05956-5178-4A6E-96D0-157360C4AEB2}.Debug|ARM.Build.0 = Debug|Any CPU
		{5CC05956-5178-4A6E-96D0-157360C4AEB2}.Debug|ARM.Deploy.0 = Debug|Any CPU
		{5CC05956-5178-4A6E-96D0-157360C4AEB2}.Debug|iPhone.ActiveCfg = Debug|Any CPU
		{5CC05956-5178-4A6E-96D0-157360C4AEB2}.Debug|iPhone.Build.0 = Debug|Any CPU
		{5CC05956-5178-4A6E-96D0-157360C4AEB2}.Debug|iPhone.Deploy.0 = Debug|Any CPU
		{5CC05956-5178-4A6E-96D0-157360C4AEB2}.Debug|iPhoneSimulator.ActiveCfg = Debug|Any CPU
		{5CC05956-5178-4A6E-96D0-157360C4AEB2}.Debug|iPhoneSimulator.Build.0 = Debug|Any CPU
		{5CC05956-5178-4A6E-96D0-157360C4AEB2}.Debug|iPhoneSimulator.Deploy.0 = Debug|Any CPU
		{5CC05956-5178-4A6E-96D0-157360C4AEB2}.Debug|x64.ActiveCfg = Debug|Any CPU
		{5CC05956-5178-4A6E-96D0-157360C4AEB2}.Debug|x64.Build.0 = Debug|Any CPU
		{5CC05956-5178-4A6E-96D0-157360C4AEB2}.Debug|x64.Deploy.0 = Debug|Any CPU
		{5CC05956-5178-4A6E-96D0-157360C4AEB2}.Debug|x86.ActiveCfg = Debug|Any CPU
		{5CC05956-5178-4A6E-96D0-157360C4AEB2}.Debug|x86.Build.0 = Debug|Any CPU
		{5CC05956-5178-4A6E-96D0-157360C4AEB2}.Debug|x86.Deploy.0 = Debug|Any CPU
		{5CC05956-5178-4A6E-96D0-157360C4AEB2}.Release|Any CPU.ActiveCfg = Release|Any CPU
		{5CC05956-5178-4A6E-96D0-157360C4AEB2}.Release|Any CPU.Build.0 = Release|Any CPU
		{5CC05956-5178-4A6E-96D0-157360C4AEB2}.Release|Any CPU.Deploy.0 = Release|Any CPU
		{5CC05956-5178-4A6E-96D0-157360C4AEB2}.Release|ARM.ActiveCfg = Release|Any CPU
		{5CC05956-5178-4A6E-96D0-157360C4AEB2}.Release|ARM.Build.0 = Release|Any CPU
		{5CC05956-5178-4A6E-96D0-157360C4AEB2}.Release|ARM.Deploy.0 = Release|Any CPU
		{5CC05956-5178-4A6E-96D0-157360C4AEB2}.Release|iPhone.ActiveCfg = Release|Any CPU
		{5CC05956-5178-4A6E-96D0-157360C4AEB2}.Release|iPhone.Build.0 = Release|Any CPU
		{5CC05956-5178-4A6E-96D0-157360C4AEB2}.Release|iPhone.Deploy.0 = Release|Any CPU
		{5CC05956-5178-4A6E-96D0-157360C4AEB2}.Release|iPhoneSimulator.ActiveCfg = Release|Any CPU
		{5CC05956-5178-4A6E-96D0-157360C4AEB2}.Release|iPhoneSimulator.Build.0 = Release|Any CPU
		{5CC05956-5178-4A6E-96D0-157360C4AEB2}.Release|iPhoneSimulator.Deploy.0 = Release|Any CPU
		{5CC05956-5178-4A6E-96D0-157360C4AEB2}.Release|x64.ActiveCfg = Release|Any CPU
		{5CC05956-5178-4A6E-96D0-157360C4AEB2}.Release|x64.Build.0 = Release|Any CPU
		{5CC05956-5178-4A6E-96D0-157360C4AEB2}.Release|x64.Deploy.0 = Release|Any CPU
		{5CC05956-5178-4A6E-96D0-157360C4AEB2}.Release|x86.ActiveCfg = Release|Any CPU
		{5CC05956-5178-4A6E-96D0-157360C4AEB2}.Release|x86.Build.0 = Release|Any CPU
		{5CC05956-5178-4A6E-96D0-157360C4AEB2}.Release|x86.Deploy.0 = Release|Any CPU
	EndGlobalSection
	GlobalSection(SolutionProperties) = preSolution
		HideSolutionNode = FALSE
	EndGlobalSection
	GlobalSection(ExtensibilityGlobals) = postSolution
		SolutionGuid = {271D4DE3-AA38-4DFC-A7C3-E51216D404AC}
	EndGlobalSection
EndGlobal
