
Microsoft Visual Studio Solution File, Format Version 12.00
# Visual Studio Version 17
VisualStudioVersion = 17.6.33829.357
MinimumVisualStudioVersion = 10.0.40219.1
Project("{FAE04EC0-301F-11D3-BF4B-00C04F79EFBC}") = "DependencyServiceApp.UWP", "DependencyServiceApp\DependencyServiceApp.UWP\DependencyServiceApp.UWP.csproj", "{15C5EFA6-674A-4D42-8FE7-8918093795B5}"
EndProject
Project("{FAE04EC0-301F-11D3-BF4B-00C04F79EFBC}") = "DependencyServiceApp.Android", "DependencyServiceApp\DependencyServiceApp.Android\DependencyServiceApp.Android.csproj", "{6CCD9345-1B6A-4822-B5CA-21C7B65FF379}"
EndProject
Project("{FAE04EC0-301F-11D3-BF4B-00C04F79EFBC}") = "DependencyServiceApp.iOS", "DependencyServiceApp\DependencyServiceApp.iOS\DependencyServiceApp.iOS.csproj", "{74B5E688-FA18-426D-BFDD-D3A0470507ED}"
EndProject
Project("{FAE04EC0-301F-11D3-BF4B-00C04F79EFBC}") = "DependencyServiceApp", "DependencyServiceApp\DependencyServiceApp\DependencyServiceApp.csproj", "{4DD5B9BA-40D3-43D1-AAC8-A52E5303DF24}"
EndProject
Global
	GlobalSection(SolutionConfigurationPlatforms) = preSolution
		Debug|Any CPU = Debug|Any CPU
		Debug|ARM = Debug|ARM
		Debug|iPhone = Debug|iPhone
		Debug|iPhoneSimulator = Debug|iPhoneSimulator
		Debug|x64 = Debug|x64
		Debug|x86 = Debug|x86
		Release|Any CPU = Release|Any CPU
		Release|ARM = Release|ARM
		Release|iPhone = Release|iPhone
		Release|iPhoneSimulator = Release|iPhoneSimulator
		Release|x64 = Release|x64
		Release|x86 = Release|x86
	EndGlobalSection
	GlobalSection(ProjectConfigurationPlatforms) = postSolution
		{15C5EFA6-674A-4D42-8FE7-8918093795B5}.Debug|Any CPU.ActiveCfg = Debug|x64
		{15C5EFA6-674A-4D42-8FE7-8918093795B5}.Debug|Any CPU.Build.0 = Debug|x64
		{15C5EFA6-674A-4D42-8FE7-8918093795B5}.Debug|Any CPU.Deploy.0 = Debug|x64
		{15C5EFA6-674A-4D42-8FE7-8918093795B5}.Debug|ARM.ActiveCfg = Debug|ARM
		{15C5EFA6-674A-4D42-8FE7-8918093795B5}.Debug|ARM.Build.0 = Debug|ARM
		{15C5EFA6-674A-4D42-8FE7-8918093795B5}.Debug|ARM.Deploy.0 = Debug|ARM
		{15C5EFA6-674A-4D42-8FE7-8918093795B5}.Debug|iPhone.ActiveCfg = Debug|x64
		{15C5EFA6-674A-4D42-8FE7-8918093795B5}.Debug|iPhone.Build.0 = Debug|x64
		{15C5EFA6-674A-4D42-8FE7-8918093795B5}.Debug|iPhone.Deploy.0 = Debug|x64
		{15C5EFA6-674A-4D42-8FE7-8918093795B5}.Debug|iPhoneSimulator.ActiveCfg = Debug|x64
		{15C5EFA6-674A-4D42-8FE7-8918093795B5}.Debug|iPhoneSimulator.Build.0 = Debug|x64
		{15C5EFA6-674A-4D42-8FE7-8918093795B5}.Debug|iPhoneSimulator.Deploy.0 = Debug|x64
		{15C5EFA6-674A-4D42-8FE7-8918093795B5}.Debug|x64.ActiveCfg = Debug|x64
		{15C5EFA6-674A-4D42-8FE7-8918093795B5}.Debug|x64.Build.0 = Debug|x64
		{15C5EFA6-674A-4D42-8FE7-8918093795B5}.Debug|x64.Deploy.0 = Debug|x64
		{15C5EFA6-674A-4D42-8FE7-8918093795B5}.Debug|x86.ActiveCfg = Debug|x86
		{15C5EFA6-674A-4D42-8FE7-8918093795B5}.Debug|x86.Build.0 = Debug|x86
		{15C5EFA6-674A-4D42-8FE7-8918093795B5}.Debug|x86.Deploy.0 = Debug|x86
		{15C5EFA6-674A-4D42-8FE7-8918093795B5}.Release|Any CPU.ActiveCfg = Release|x64
		{15C5EFA6-674A-4D42-8FE7-8918093795B5}.Release|Any CPU.Build.0 = Release|x64
		{15C5EFA6-674A-4D42-8FE7-8918093795B5}.Release|Any CPU.Deploy.0 = Release|x64
		{15C5EFA6-674A-4D42-8FE7-8918093795B5}.Release|ARM.ActiveCfg = Release|ARM
		{15C5EFA6-674A-4D42-8FE7-8918093795B5}.Release|ARM.Build.0 = Release|ARM
		{15C5EFA6-674A-4D42-8FE7-8918093795B5}.Release|ARM.Deploy.0 = Release|ARM
		{15C5EFA6-674A-4D42-8FE7-8918093795B5}.Release|iPhone.ActiveCfg = Release|x64
		{15C5EFA6-674A-4D42-8FE7-8918093795B5}.Release|iPhone.Build.0 = Release|x64
		{15C5EFA6-674A-4D42-8FE7-8918093795B5}.Release|iPhone.Deploy.0 = Release|x64
		{15C5EFA6-674A-4D42-8FE7-8918093795B5}.Release|iPhoneSimulator.ActiveCfg = Release|x64
		{15C5EFA6-674A-4D42-8FE7-8918093795B5}.Release|iPhoneSimulator.Build.0 = Release|x64
		{15C5EFA6-674A-4D42-8FE7-8918093795B5}.Release|iPhoneSimulator.Deploy.0 = Release|x64
		{15C5EFA6-674A-4D42-8FE7-8918093795B5}.Release|x64.ActiveCfg = Release|x64
		{15C5EFA6-674A-4D42-8FE7-8918093795B5}.Release|x64.Build.0 = Release|x64
		{15C5EFA6-674A-4D42-8FE7-8918093795B5}.Release|x64.Deploy.0 = Release|x64
		{15C5EFA6-674A-4D42-8FE7-8918093795B5}.Release|x86.ActiveCfg = Release|x86
		{15C5EFA6-674A-4D42-8FE7-8918093795B5}.Release|x86.Build.0 = Release|x86
		{15C5EFA6-674A-4D42-8FE7-8918093795B5}.Release|x86.Deploy.0 = Release|x86
		{6CCD9345-1B6A-4822-B5CA-21C7B65FF379}.Debug|Any CPU.ActiveCfg = Debug|Any CPU
		{6CCD9345-1B6A-4822-B5CA-21C7B65FF379}.Debug|Any CPU.Build.0 = Debug|Any CPU
		{6CCD9345-1B6A-4822-B5CA-21C7B65FF379}.Debug|Any CPU.Deploy.0 = Debug|Any CPU
		{6CCD9345-1B6A-4822-B5CA-21C7B65FF379}.Debug|ARM.ActiveCfg = Debug|Any CPU
		{6CCD9345-1B6A-4822-B5CA-21C7B65FF379}.Debug|ARM.Build.0 = Debug|Any CPU
		{6CCD9345-1B6A-4822-B5CA-21C7B65FF379}.Debug|ARM.Deploy.0 = Debug|Any CPU
		{6CCD9345-1B6A-4822-B5CA-21C7B65FF379}.Debug|iPhone.ActiveCfg = Debug|Any CPU
		{6CCD9345-1B6A-4822-B5CA-21C7B65FF379}.Debug|iPhone.Build.0 = Debug|Any CPU
		{6CCD9345-1B6A-4822-B5CA-21C7B65FF379}.Debug|iPhone.Deploy.0 = Debug|Any CPU
		{6CCD9345-1B6A-4822-B5CA-21C7B65FF379}.Debug|iPhoneSimulator.ActiveCfg = Debug|Any CPU
		{6CCD9345-1B6A-4822-B5CA-21C7B65FF379}.Debug|iPhoneSimulator.Build.0 = Debug|Any CPU
		{6CCD9345-1B6A-4822-B5CA-21C7B65FF379}.Debug|iPhoneSimulator.Deploy.0 = Debug|Any CPU
		{6CCD9345-1B6A-4822-B5CA-21C7B65FF379}.Debug|x64.ActiveCfg = Debug|Any CPU
		{6CCD9345-1B6A-4822-B5CA-21C7B65FF379}.Debug|x64.Build.0 = Debug|Any CPU
		{6CCD9345-1B6A-4822-B5CA-21C7B65FF379}.Debug|x64.Deploy.0 = Debug|Any CPU
		{6CCD9345-1B6A-4822-B5CA-21C7B65FF379}.Debug|x86.ActiveCfg = Debug|Any CPU
		{6CCD9345-1B6A-4822-B5CA-21C7B65FF379}.Debug|x86.Build.0 = Debug|Any CPU
		{6CCD9345-1B6A-4822-B5CA-21C7B65FF379}.Debug|x86.Deploy.0 = Debug|Any CPU
		{6CCD9345-1B6A-4822-B5CA-21C7B65FF379}.Release|Any CPU.ActiveCfg = Release|Any CPU
		{6CCD9345-1B6A-4822-B5CA-21C7B65FF379}.Release|Any CPU.Build.0 = Release|Any CPU
		{6CCD9345-1B6A-4822-B5CA-21C7B65FF379}.Release|Any CPU.Deploy.0 = Release|Any CPU
		{6CCD9345-1B6A-4822-B5CA-21C7B65FF379}.Release|ARM.ActiveCfg = Release|Any CPU
		{6CCD9345-1B6A-4822-B5CA-21C7B65FF379}.Release|ARM.Build.0 = Release|Any CPU
		{6CCD9345-1B6A-4822-B5CA-21C7B65FF379}.Release|ARM.Deploy.0 = Release|Any CPU
		{6CCD9345-1B6A-4822-B5CA-21C7B65FF379}.Release|iPhone.ActiveCfg = Release|Any CPU
		{6CCD9345-1B6A-4822-B5CA-21C7B65FF379}.Release|iPhone.Build.0 = Release|Any CPU
		{6CCD9345-1B6A-4822-B5CA-21C7B65FF379}.Release|iPhone.Deploy.0 = Release|Any CPU
		{6CCD9345-1B6A-4822-B5CA-21C7B65FF379}.Release|iPhoneSimulator.ActiveCfg = Release|Any CPU
		{6CCD9345-1B6A-4822-B5CA-21C7B65FF379}.Release|iPhoneSimulator.Build.0 = Release|Any CPU
		{6CCD9345-1B6A-4822-B5CA-21C7B65FF379}.Release|iPhoneSimulator.Deploy.0 = Release|Any CPU
		{6CCD9345-1B6A-4822-B5CA-21C7B65FF379}.Release|x64.ActiveCfg = Release|Any CPU
		{6CCD9345-1B6A-4822-B5CA-21C7B65FF379}.Release|x64.Build.0 = Release|Any CPU
		{6CCD9345-1B6A-4822-B5CA-21C7B65FF379}.Release|x64.Deploy.0 = Release|Any CPU
		{6CCD9345-1B6A-4822-B5CA-21C7B65FF379}.Release|x86.ActiveCfg = Release|Any CPU
		{6CCD9345-1B6A-4822-B5CA-21C7B65FF379}.Release|x86.Build.0 = Release|Any CPU
		{6CCD9345-1B6A-4822-B5CA-21C7B65FF379}.Release|x86.Deploy.0 = Release|Any CPU
		{74B5E688-FA18-426D-BFDD-D3A0470507ED}.Debug|Any CPU.ActiveCfg = Debug|iPhoneSimulator
		{74B5E688-FA18-426D-BFDD-D3A0470507ED}.Debug|Any CPU.Build.0 = Debug|iPhoneSimulator
		{74B5E688-FA18-426D-BFDD-D3A0470507ED}.Debug|Any CPU.Deploy.0 = Debug|iPhoneSimulator
		{74B5E688-FA18-426D-BFDD-D3A0470507ED}.Debug|ARM.ActiveCfg = Debug|iPhoneSimulator
		{74B5E688-FA18-426D-BFDD-D3A0470507ED}.Debug|ARM.Build.0 = Debug|iPhoneSimulator
		{74B5E688-FA18-426D-BFDD-D3A0470507ED}.Debug|ARM.Deploy.0 = Debug|iPhoneSimulator
		{74B5E688-FA18-426D-BFDD-D3A0470507ED}.Debug|iPhone.ActiveCfg = Debug|iPhone
		{74B5E688-FA18-426D-BFDD-D3A0470507ED}.Debug|iPhone.Build.0 = Debug|iPhone
		{74B5E688-FA18-426D-BFDD-D3A0470507ED}.Debug|iPhone.Deploy.0 = Debug|iPhone
		{74B5E688-FA18-426D-BFDD-D3A0470507ED}.Debug|iPhoneSimulator.ActiveCfg = Debug|iPhoneSimulator
		{74B5E688-FA18-426D-BFDD-D3A0470507ED}.Debug|iPhoneSimulator.Build.0 = Debug|iPhoneSimulator
		{74B5E688-FA18-426D-BFDD-D3A0470507ED}.Debug|iPhoneSimulator.Deploy.0 = Debug|iPhoneSimulator
		{74B5E688-FA18-426D-BFDD-D3A0470507ED}.Debug|x64.ActiveCfg = Debug|iPhone
		{74B5E688-FA18-426D-BFDD-D3A0470507ED}.Debug|x64.Build.0 = Debug|iPhone
		{74B5E688-FA18-426D-BFDD-D3A0470507ED}.Debug|x64.Deploy.0 = Debug|iPhone
		{74B5E688-FA18-426D-BFDD-D3A0470507ED}.Debug|x86.ActiveCfg = Debug|iPhoneSimulator
		{74B5E688-FA18-426D-BFDD-D3A0470507ED}.Debug|x86.Build.0 = Debug|iPhoneSimulator
		{74B5E688-FA18-426D-BFDD-D3A0470507ED}.Debug|x86.Deploy.0 = Debug|iPhoneSimulator
		{74B5E688-FA18-426D-BFDD-D3A0470507ED}.Release|Any CPU.ActiveCfg = Release|iPhoneSimulator
		{74B5E688-FA18-426D-BFDD-D3A0470507ED}.Release|Any CPU.Build.0 = Release|iPhoneSimulator
		{74B5E688-FA18-426D-BFDD-D3A0470507ED}.Release|Any CPU.Deploy.0 = Release|iPhoneSimulator
		{74B5E688-FA18-426D-BFDD-D3A0470507ED}.Release|ARM.ActiveCfg = Release|iPhoneSimulator
		{74B5E688-FA18-426D-BFDD-D3A0470507ED}.Release|ARM.Build.0 = Release|iPhoneSimulator
		{74B5E688-FA18-426D-BFDD-D3A0470507ED}.Release|ARM.Deploy.0 = Release|iPhoneSimulator
		{74B5E688-FA18-426D-BFDD-D3A0470507ED}.Release|iPhone.ActiveCfg = Release|iPhone
		{74B5E688-FA18-426D-BFDD-D3A0470507ED}.Release|iPhone.Build.0 = Release|iPhone
		{74B5E688-FA18-426D-BFDD-D3A0470507ED}.Release|iPhone.Deploy.0 = Release|iPhone
		{74B5E688-FA18-426D-BFDD-D3A0470507ED}.Release|iPhoneSimulator.ActiveCfg = Release|iPhoneSimulator
		{74B5E688-FA18-426D-BFDD-D3A0470507ED}.Release|iPhoneSimulator.Build.0 = Release|iPhoneSimulator
		{74B5E688-FA18-426D-BFDD-D3A0470507ED}.Release|iPhoneSimulator.Deploy.0 = Release|iPhoneSimulator
		{74B5E688-FA18-426D-BFDD-D3A0470507ED}.Release|x64.ActiveCfg = Release|iPhoneSimulator
		{74B5E688-FA18-426D-BFDD-D3A0470507ED}.Release|x64.Build.0 = Release|iPhoneSimulator
		{74B5E688-FA18-426D-BFDD-D3A0470507ED}.Release|x64.Deploy.0 = Release|iPhoneSimulator
		{74B5E688-FA18-426D-BFDD-D3A0470507ED}.Release|x86.ActiveCfg = Release|iPhoneSimulator
		{74B5E688-FA18-426D-BFDD-D3A0470507ED}.Release|x86.Build.0 = Release|iPhoneSimulator
		{74B5E688-FA18-426D-BFDD-D3A0470507ED}.Release|x86.Deploy.0 = Release|iPhoneSimulator
		{4DD5B9BA-40D3-43D1-AAC8-A52E5303DF24}.Debug|Any CPU.ActiveCfg = Debug|Any CPU
		{4DD5B9BA-40D3-43D1-AAC8-A52E5303DF24}.Debug|Any CPU.Build.0 = Debug|Any CPU
		{4DD5B9BA-40D3-43D1-AAC8-A52E5303DF24}.Debug|Any CPU.Deploy.0 = Debug|Any CPU
		{4DD5B9BA-40D3-43D1-AAC8-A52E5303DF24}.Debug|ARM.ActiveCfg = Debug|Any CPU
		{4DD5B9BA-40D3-43D1-AAC8-A52E5303DF24}.Debug|ARM.Build.0 = Debug|Any CPU
		{4DD5B9BA-40D3-43D1-AAC8-A52E5303DF24}.Debug|ARM.Deploy.0 = Debug|Any CPU
		{4DD5B9BA-40D3-43D1-AAC8-A52E5303DF24}.Debug|iPhone.ActiveCfg = Debug|Any CPU
		{4DD5B9BA-40D3-43D1-AAC8-A52E5303DF24}.Debug|iPhone.Build.0 = Debug|Any CPU
		{4DD5B9BA-40D3-43D1-AAC8-A52E5303DF24}.Debug|iPhone.Deploy.0 = Debug|Any CPU
		{4DD5B9BA-40D3-43D1-AAC8-A52E5303DF24}.Debug|iPhoneSimulator.ActiveCfg = Debug|Any CPU
		{4DD5B9BA-40D3-43D1-AAC8-A52E5303DF24}.Debug|iPhoneSimulator.Build.0 = Debug|Any CPU
		{4DD5B9BA-40D3-43D1-AAC8-A52E5303DF24}.Debug|iPhoneSimulator.Deploy.0 = Debug|Any CPU
		{4DD5B9BA-40D3-43D1-AAC8-A52E5303DF24}.Debug|x64.ActiveCfg = Debug|Any CPU
		{4DD5B9BA-40D3-43D1-AAC8-A52E5303DF24}.Debug|x64.Build.0 = Debug|Any CPU
		{4DD5B9BA-40D3-43D1-AAC8-A52E5303DF24}.Debug|x64.Deploy.0 = Debug|Any CPU
		{4DD5B9BA-40D3-43D1-AAC8-A52E5303DF24}.Debug|x86.ActiveCfg = Debug|Any CPU
		{4DD5B9BA-40D3-43D1-AAC8-A52E5303DF24}.Debug|x86.Build.0 = Debug|Any CPU
		{4DD5B9BA-40D3-43D1-AAC8-A52E5303DF24}.Debug|x86.Deploy.0 = Debug|Any CPU
		{4DD5B9BA-40D3-43D1-AAC8-A52E5303DF24}.Release|Any CPU.ActiveCfg = Release|Any CPU
		{4DD5B9BA-40D3-43D1-AAC8-A52E5303DF24}.Release|Any CPU.Build.0 = Release|Any CPU
		{4DD5B9BA-40D3-43D1-AAC8-A52E5303DF24}.Release|Any CPU.Deploy.0 = Release|Any CPU
		{4DD5B9BA-40D3-43D1-AAC8-A52E5303DF24}.Release|ARM.ActiveCfg = Release|Any CPU
		{4DD5B9BA-40D3-43D1-AAC8-A52E5303DF24}.Release|ARM.Build.0 = Release|Any CPU
		{4DD5B9BA-40D3-43D1-AAC8-A52E5303DF24}.Release|ARM.Deploy.0 = Release|Any CPU
		{4DD5B9BA-40D3-43D1-AAC8-A52E5303DF24}.Release|iPhone.ActiveCfg = Release|Any CPU
		{4DD5B9BA-40D3-43D1-AAC8-A52E5303DF24}.Release|iPhone.Build.0 = Release|Any CPU
		{4DD5B9BA-40D3-43D1-AAC8-A52E5303DF24}.Release|iPhone.Deploy.0 = Release|Any CPU
		{4DD5B9BA-40D3-43D1-AAC8-A52E5303DF24}.Release|iPhoneSimulator.ActiveCfg = Release|Any CPU
		{4DD5B9BA-40D3-43D1-AAC8-A52E5303DF24}.Release|iPhoneSimulator.Build.0 = Release|Any CPU
		{4DD5B9BA-40D3-43D1-AAC8-A52E5303DF24}.Release|iPhoneSimulator.Deploy.0 = Release|Any CPU
		{4DD5B9BA-40D3-43D1-AAC8-A52E5303DF24}.Release|x64.ActiveCfg = Release|Any CPU
		{4DD5B9BA-40D3-43D1-AAC8-A52E5303DF24}.Release|x64.Build.0 = Release|Any CPU
		{4DD5B9BA-40D3-43D1-AAC8-A52E5303DF24}.Release|x64.Deploy.0 = Release|Any CPU
		{4DD5B9BA-40D3-43D1-AAC8-A52E5303DF24}.Release|x86.ActiveCfg = Release|Any CPU
		{4DD5B9BA-40D3-43D1-AAC8-A52E5303DF24}.Release|x86.Build.0 = Release|Any CPU
		{4DD5B9BA-40D3-43D1-AAC8-A52E5303DF24}.Release|x86.Deploy.0 = Release|Any CPU
	EndGlobalSection
	GlobalSection(SolutionProperties) = preSolution
		HideSolutionNode = FALSE
	EndGlobalSection
	GlobalSection(ExtensibilityGlobals) = postSolution
		SolutionGuid = {AABE49BF-5E8B-48C7-8FFB-8E5FDA39F9EC}
	EndGlobalSection
EndGlobal
