
Microsoft Visual Studio Solution File, Format Version 12.00
# Visual Studio Version 17
VisualStudioVersion = 17.6.33829.357
MinimumVisualStudioVersion = 10.0.40219.1
Project("{FAE04EC0-301F-11D3-BF4B-00C04F79EFBC}") = "PopUps.UWP", "PopUps\PopUps.UWP\PopUps.UWP.csproj", "{491EC7A5-52C1-48BE-A21B-72A57F909C13}"
EndProject
Project("{FAE04EC0-301F-11D3-BF4B-00C04F79EFBC}") = "PopUps.Android", "PopUps\PopUps.Android\PopUps.Android.csproj", "{79E3F789-82CA-49B5-BC43-85A6244F0DA3}"
EndProject
Project("{FAE04EC0-301F-11D3-BF4B-00C04F79EFBC}") = "PopUps.iOS", "PopUps\PopUps.iOS\PopUps.iOS.csproj", "{F139F2FA-9B24-4C95-8909-1FE13DE885C5}"
EndProject
Project("{FAE04EC0-301F-11D3-BF4B-00C04F79EFBC}") = "PopUps", "PopUps\PopUps\PopUps.csproj", "{C2B45627-80C3-4A19-A277-0A84EC44F9CB}"
EndProject
Global
	GlobalSection(SolutionConfigurationPlatforms) = preSolution
		Debug|Any CPU = Debug|Any CPU
		Debug|ARM = Debug|ARM
		Debug|iPhone = Debug|iPhone
		Debug|iPhoneSimulator = Debug|iPhoneSimulator
		Debug|x64 = Debug|x64
		Debug|x86 = Debug|x86
		Release|Any CPU = Release|Any CPU
		Release|ARM = Release|ARM
		Release|iPhone = Release|iPhone
		Release|iPhoneSimulator = Release|iPhoneSimulator
		Release|x64 = Release|x64
		Release|x86 = Release|x86
	EndGlobalSection
	GlobalSection(ProjectConfigurationPlatforms) = postSolution
		{491EC7A5-52C1-48BE-A21B-72A57F909C13}.Debug|Any CPU.ActiveCfg = Debug|x64
		{491EC7A5-52C1-48BE-A21B-72A57F909C13}.Debug|Any CPU.Build.0 = Debug|x64
		{491EC7A5-52C1-48BE-A21B-72A57F909C13}.Debug|Any CPU.Deploy.0 = Debug|x64
		{491EC7A5-52C1-48BE-A21B-72A57F909C13}.Debug|ARM.ActiveCfg = Debug|ARM
		{491EC7A5-52C1-48BE-A21B-72A57F909C13}.Debug|ARM.Build.0 = Debug|ARM
		{491EC7A5-52C1-48BE-A21B-72A57F909C13}.Debug|ARM.Deploy.0 = Debug|ARM
		{491EC7A5-52C1-48BE-A21B-72A57F909C13}.Debug|iPhone.ActiveCfg = Debug|x64
		{491EC7A5-52C1-48BE-A21B-72A57F909C13}.Debug|iPhone.Build.0 = Debug|x64
		{491EC7A5-52C1-48BE-A21B-72A57F909C13}.Debug|iPhone.Deploy.0 = Debug|x64
		{491EC7A5-52C1-48BE-A21B-72A57F909C13}.Debug|iPhoneSimulator.ActiveCfg = Debug|x64
		{491EC7A5-52C1-48BE-A21B-72A57F909C13}.Debug|iPhoneSimulator.Build.0 = Debug|x64
		{491EC7A5-52C1-48BE-A21B-72A57F909C13}.Debug|iPhoneSimulator.Deploy.0 = Debug|x64
		{491EC7A5-52C1-48BE-A21B-72A57F909C13}.Debug|x64.ActiveCfg = Debug|x64
		{491EC7A5-52C1-48BE-A21B-72A57F909C13}.Debug|x64.Build.0 = Debug|x64
		{491EC7A5-52C1-48BE-A21B-72A57F909C13}.Debug|x64.Deploy.0 = Debug|x64
		{491EC7A5-52C1-48BE-A21B-72A57F909C13}.Debug|x86.ActiveCfg = Debug|x86
		{491EC7A5-52C1-48BE-A21B-72A57F909C13}.Debug|x86.Build.0 = Debug|x86
		{491EC7A5-52C1-48BE-A21B-72A57F909C13}.Debug|x86.Deploy.0 = Debug|x86
		{491EC7A5-52C1-48BE-A21B-72A57F909C13}.Release|Any CPU.ActiveCfg = Release|x64
		{491EC7A5-52C1-48BE-A21B-72A57F909C13}.Release|Any CPU.Build.0 = Release|x64
		{491EC7A5-52C1-48BE-A21B-72A57F909C13}.Release|Any CPU.Deploy.0 = Release|x64
		{491EC7A5-52C1-48BE-A21B-72A57F909C13}.Release|ARM.ActiveCfg = Release|ARM
		{491EC7A5-52C1-48BE-A21B-72A57F909C13}.Release|ARM.Build.0 = Release|ARM
		{491EC7A5-52C1-48BE-A21B-72A57F909C13}.Release|ARM.Deploy.0 = Release|ARM
		{491EC7A5-52C1-48BE-A21B-72A57F909C13}.Release|iPhone.ActiveCfg = Release|x64
		{491EC7A5-52C1-48BE-A21B-72A57F909C13}.Release|iPhone.Build.0 = Release|x64
		{491EC7A5-52C1-48BE-A21B-72A57F909C13}.Release|iPhone.Deploy.0 = Release|x64
		{491EC7A5-52C1-48BE-A21B-72A57F909C13}.Release|iPhoneSimulator.ActiveCfg = Release|x64
		{491EC7A5-52C1-48BE-A21B-72A57F909C13}.Release|iPhoneSimulator.Build.0 = Release|x64
		{491EC7A5-52C1-48BE-A21B-72A57F909C13}.Release|iPhoneSimulator.Deploy.0 = Release|x64
		{491EC7A5-52C1-48BE-A21B-72A57F909C13}.Release|x64.ActiveCfg = Release|x64
		{491EC7A5-52C1-48BE-A21B-72A57F909C13}.Release|x64.Build.0 = Release|x64
		{491EC7A5-52C1-48BE-A21B-72A57F909C13}.Release|x64.Deploy.0 = Release|x64
		{491EC7A5-52C1-48BE-A21B-72A57F909C13}.Release|x86.ActiveCfg = Release|x86
		{491EC7A5-52C1-48BE-A21B-72A57F909C13}.Release|x86.Build.0 = Release|x86
		{491EC7A5-52C1-48BE-A21B-72A57F909C13}.Release|x86.Deploy.0 = Release|x86
		{79E3F789-82CA-49B5-BC43-85A6244F0DA3}.Debug|Any CPU.ActiveCfg = Debug|Any CPU
		{79E3F789-82CA-49B5-BC43-85A6244F0DA3}.Debug|Any CPU.Build.0 = Debug|Any CPU
		{79E3F789-82CA-49B5-BC43-85A6244F0DA3}.Debug|Any CPU.Deploy.0 = Debug|Any CPU
		{79E3F789-82CA-49B5-BC43-85A6244F0DA3}.Debug|ARM.ActiveCfg = Debug|Any CPU
		{79E3F789-82CA-49B5-BC43-85A6244F0DA3}.Debug|ARM.Build.0 = Debug|Any CPU
		{79E3F789-82CA-49B5-BC43-85A6244F0DA3}.Debug|ARM.Deploy.0 = Debug|Any CPU
		{79E3F789-82CA-49B5-BC43-85A6244F0DA3}.Debug|iPhone.ActiveCfg = Debug|Any CPU
		{79E3F789-82CA-49B5-BC43-85A6244F0DA3}.Debug|iPhone.Build.0 = Debug|Any CPU
		{79E3F789-82CA-49B5-BC43-85A6244F0DA3}.Debug|iPhone.Deploy.0 = Debug|Any CPU
		{79E3F789-82CA-49B5-BC43-85A6244F0DA3}.Debug|iPhoneSimulator.ActiveCfg = Debug|Any CPU
		{79E3F789-82CA-49B5-BC43-85A6244F0DA3}.Debug|iPhoneSimulator.Build.0 = Debug|Any CPU
		{79E3F789-82CA-49B5-BC43-85A6244F0DA3}.Debug|iPhoneSimulator.Deploy.0 = Debug|Any CPU
		{79E3F789-82CA-49B5-BC43-85A6244F0DA3}.Debug|x64.ActiveCfg = Debug|Any CPU
		{79E3F789-82CA-49B5-BC43-85A6244F0DA3}.Debug|x64.Build.0 = Debug|Any CPU
		{79E3F789-82CA-49B5-BC43-85A6244F0DA3}.Debug|x64.Deploy.0 = Debug|Any CPU
		{79E3F789-82CA-49B5-BC43-85A6244F0DA3}.Debug|x86.ActiveCfg = Debug|Any CPU
		{79E3F789-82CA-49B5-BC43-85A6244F0DA3}.Debug|x86.Build.0 = Debug|Any CPU
		{79E3F789-82CA-49B5-BC43-85A6244F0DA3}.Debug|x86.Deploy.0 = Debug|Any CPU
		{79E3F789-82CA-49B5-BC43-85A6244F0DA3}.Release|Any CPU.ActiveCfg = Release|Any CPU
		{79E3F789-82CA-49B5-BC43-85A6244F0DA3}.Release|Any CPU.Build.0 = Release|Any CPU
		{79E3F789-82CA-49B5-BC43-85A6244F0DA3}.Release|Any CPU.Deploy.0 = Release|Any CPU
		{79E3F789-82CA-49B5-BC43-85A6244F0DA3}.Release|ARM.ActiveCfg = Release|Any CPU
		{79E3F789-82CA-49B5-BC43-85A6244F0DA3}.Release|ARM.Build.0 = Release|Any CPU
		{79E3F789-82CA-49B5-BC43-85A6244F0DA3}.Release|ARM.Deploy.0 = Release|Any CPU
		{79E3F789-82CA-49B5-BC43-85A6244F0DA3}.Release|iPhone.ActiveCfg = Release|Any CPU
		{79E3F789-82CA-49B5-BC43-85A6244F0DA3}.Release|iPhone.Build.0 = Release|Any CPU
		{79E3F789-82CA-49B5-BC43-85A6244F0DA3}.Release|iPhone.Deploy.0 = Release|Any CPU
		{79E3F789-82CA-49B5-BC43-85A6244F0DA3}.Release|iPhoneSimulator.ActiveCfg = Release|Any CPU
		{79E3F789-82CA-49B5-BC43-85A6244F0DA3}.Release|iPhoneSimulator.Build.0 = Release|Any CPU
		{79E3F789-82CA-49B5-BC43-85A6244F0DA3}.Release|iPhoneSimulator.Deploy.0 = Release|Any CPU
		{79E3F789-82CA-49B5-BC43-85A6244F0DA3}.Release|x64.ActiveCfg = Release|Any CPU
		{79E3F789-82CA-49B5-BC43-85A6244F0DA3}.Release|x64.Build.0 = Release|Any CPU
		{79E3F789-82CA-49B5-BC43-85A6244F0DA3}.Release|x64.Deploy.0 = Release|Any CPU
		{79E3F789-82CA-49B5-BC43-85A6244F0DA3}.Release|x86.ActiveCfg = Release|Any CPU
		{79E3F789-82CA-49B5-BC43-85A6244F0DA3}.Release|x86.Build.0 = Release|Any CPU
		{79E3F789-82CA-49B5-BC43-85A6244F0DA3}.Release|x86.Deploy.0 = Release|Any CPU
		{F139F2FA-9B24-4C95-8909-1FE13DE885C5}.Debug|Any CPU.ActiveCfg = Debug|iPhoneSimulator
		{F139F2FA-9B24-4C95-8909-1FE13DE885C5}.Debug|Any CPU.Build.0 = Debug|iPhoneSimulator
		{F139F2FA-9B24-4C95-8909-1FE13DE885C5}.Debug|Any CPU.Deploy.0 = Debug|iPhoneSimulator
		{F139F2FA-9B24-4C95-8909-1FE13DE885C5}.Debug|ARM.ActiveCfg = Debug|iPhoneSimulator
		{F139F2FA-9B24-4C95-8909-1FE13DE885C5}.Debug|ARM.Build.0 = Debug|iPhoneSimulator
		{F139F2FA-9B24-4C95-8909-1FE13DE885C5}.Debug|ARM.Deploy.0 = Debug|iPhoneSimulator
		{F139F2FA-9B24-4C95-8909-1FE13DE885C5}.Debug|iPhone.ActiveCfg = Debug|iPhone
		{F139F2FA-9B24-4C95-8909-1FE13DE885C5}.Debug|iPhone.Build.0 = Debug|iPhone
		{F139F2FA-9B24-4C95-8909-1FE13DE885C5}.Debug|iPhone.Deploy.0 = Debug|iPhone
		{F139F2FA-9B24-4C95-8909-1FE13DE885C5}.Debug|iPhoneSimulator.ActiveCfg = Debug|iPhoneSimulator
		{F139F2FA-9B24-4C95-8909-1FE13DE885C5}.Debug|iPhoneSimulator.Build.0 = Debug|iPhoneSimulator
		{F139F2FA-9B24-4C95-8909-1FE13DE885C5}.Debug|iPhoneSimulator.Deploy.0 = Debug|iPhoneSimulator
		{F139F2FA-9B24-4C95-8909-1FE13DE885C5}.Debug|x64.ActiveCfg = Debug|iPhone
		{F139F2FA-9B24-4C95-8909-1FE13DE885C5}.Debug|x64.Build.0 = Debug|iPhone
		{F139F2FA-9B24-4C95-8909-1FE13DE885C5}.Debug|x64.Deploy.0 = Debug|iPhone
		{F139F2FA-9B24-4C95-8909-1FE13DE885C5}.Debug|x86.ActiveCfg = Debug|iPhoneSimulator
		{F139F2FA-9B24-4C95-8909-1FE13DE885C5}.Debug|x86.Build.0 = Debug|iPhoneSimulator
		{F139F2FA-9B24-4C95-8909-1FE13DE885C5}.Debug|x86.Deploy.0 = Debug|iPhoneSimulator
		{F139F2FA-9B24-4C95-8909-1FE13DE885C5}.Release|Any CPU.ActiveCfg = Release|iPhoneSimulator
		{F139F2FA-9B24-4C95-8909-1FE13DE885C5}.Release|Any CPU.Build.0 = Release|iPhoneSimulator
		{F139F2FA-9B24-4C95-8909-1FE13DE885C5}.Release|Any CPU.Deploy.0 = Release|iPhoneSimulator
		{F139F2FA-9B24-4C95-8909-1FE13DE885C5}.Release|ARM.ActiveCfg = Release|iPhoneSimulator
		{F139F2FA-9B24-4C95-8909-1FE13DE885C5}.Release|ARM.Build.0 = Release|iPhoneSimulator
		{F139F2FA-9B24-4C95-8909-1FE13DE885C5}.Release|ARM.Deploy.0 = Release|iPhoneSimulator
		{F139F2FA-9B24-4C95-8909-1FE13DE885C5}.Release|iPhone.ActiveCfg = Release|iPhone
		{F139F2FA-9B24-4C95-8909-1FE13DE885C5}.Release|iPhone.Build.0 = Release|iPhone
		{F139F2FA-9B24-4C95-8909-1FE13DE885C5}.Release|iPhone.Deploy.0 = Release|iPhone
		{F139F2FA-9B24-4C95-8909-1FE13DE885C5}.Release|iPhoneSimulator.ActiveCfg = Release|iPhoneSimulator
		{F139F2FA-9B24-4C95-8909-1FE13DE885C5}.Release|iPhoneSimulator.Build.0 = Release|iPhoneSimulator
		{F139F2FA-9B24-4C95-8909-1FE13DE885C5}.Release|iPhoneSimulator.Deploy.0 = Release|iPhoneSimulator
		{F139F2FA-9B24-4C95-8909-1FE13DE885C5}.Release|x64.ActiveCfg = Release|iPhoneSimulator
		{F139F2FA-9B24-4C95-8909-1FE13DE885C5}.Release|x64.Build.0 = Release|iPhoneSimulator
		{F139F2FA-9B24-4C95-8909-1FE13DE885C5}.Release|x64.Deploy.0 = Release|iPhoneSimulator
		{F139F2FA-9B24-4C95-8909-1FE13DE885C5}.Release|x86.ActiveCfg = Release|iPhoneSimulator
		{F139F2FA-9B24-4C95-8909-1FE13DE885C5}.Release|x86.Build.0 = Release|iPhoneSimulator
		{F139F2FA-9B24-4C95-8909-1FE13DE885C5}.Release|x86.Deploy.0 = Release|iPhoneSimulator
		{C2B45627-80C3-4A19-A277-0A84EC44F9CB}.Debug|Any CPU.ActiveCfg = Debug|Any CPU
		{C2B45627-80C3-4A19-A277-0A84EC44F9CB}.Debug|Any CPU.Build.0 = Debug|Any CPU
		{C2B45627-80C3-4A19-A277-0A84EC44F9CB}.Debug|Any CPU.Deploy.0 = Debug|Any CPU
		{C2B45627-80C3-4A19-A277-0A84EC44F9CB}.Debug|ARM.ActiveCfg = Debug|Any CPU
		{C2B45627-80C3-4A19-A277-0A84EC44F9CB}.Debug|ARM.Build.0 = Debug|Any CPU
		{C2B45627-80C3-4A19-A277-0A84EC44F9CB}.Debug|ARM.Deploy.0 = Debug|Any CPU
		{C2B45627-80C3-4A19-A277-0A84EC44F9CB}.Debug|iPhone.ActiveCfg = Debug|Any CPU
		{C2B45627-80C3-4A19-A277-0A84EC44F9CB}.Debug|iPhone.Build.0 = Debug|Any CPU
		{C2B45627-80C3-4A19-A277-0A84EC44F9CB}.Debug|iPhone.Deploy.0 = Debug|Any CPU
		{C2B45627-80C3-4A19-A277-0A84EC44F9CB}.Debug|iPhoneSimulator.ActiveCfg = Debug|Any CPU
		{C2B45627-80C3-4A19-A277-0A84EC44F9CB}.Debug|iPhoneSimulator.Build.0 = Debug|Any CPU
		{C2B45627-80C3-4A19-A277-0A84EC44F9CB}.Debug|iPhoneSimulator.Deploy.0 = Debug|Any CPU
		{C2B45627-80C3-4A19-A277-0A84EC44F9CB}.Debug|x64.ActiveCfg = Debug|Any CPU
		{C2B45627-80C3-4A19-A277-0A84EC44F9CB}.Debug|x64.Build.0 = Debug|Any CPU
		{C2B45627-80C3-4A19-A277-0A84EC44F9CB}.Debug|x64.Deploy.0 = Debug|Any CPU
		{C2B45627-80C3-4A19-A277-0A84EC44F9CB}.Debug|x86.ActiveCfg = Debug|Any CPU
		{C2B45627-80C3-4A19-A277-0A84EC44F9CB}.Debug|x86.Build.0 = Debug|Any CPU
		{C2B45627-80C3-4A19-A277-0A84EC44F9CB}.Debug|x86.Deploy.0 = Debug|Any CPU
		{C2B45627-80C3-4A19-A277-0A84EC44F9CB}.Release|Any CPU.ActiveCfg = Release|Any CPU
		{C2B45627-80C3-4A19-A277-0A84EC44F9CB}.Release|Any CPU.Build.0 = Release|Any CPU
		{C2B45627-80C3-4A19-A277-0A84EC44F9CB}.Release|Any CPU.Deploy.0 = Release|Any CPU
		{C2B45627-80C3-4A19-A277-0A84EC44F9CB}.Release|ARM.ActiveCfg = Release|Any CPU
		{C2B45627-80C3-4A19-A277-0A84EC44F9CB}.Release|ARM.Build.0 = Release|Any CPU
		{C2B45627-80C3-4A19-A277-0A84EC44F9CB}.Release|ARM.Deploy.0 = Release|Any CPU
		{C2B45627-80C3-4A19-A277-0A84EC44F9CB}.Release|iPhone.ActiveCfg = Release|Any CPU
		{C2B45627-80C3-4A19-A277-0A84EC44F9CB}.Release|iPhone.Build.0 = Release|Any CPU
		{C2B45627-80C3-4A19-A277-0A84EC44F9CB}.Release|iPhone.Deploy.0 = Release|Any CPU
		{C2B45627-80C3-4A19-A277-0A84EC44F9CB}.Release|iPhoneSimulator.ActiveCfg = Release|Any CPU
		{C2B45627-80C3-4A19-A277-0A84EC44F9CB}.Release|iPhoneSimulator.Build.0 = Release|Any CPU
		{C2B45627-80C3-4A19-A277-0A84EC44F9CB}.Release|iPhoneSimulator.Deploy.0 = Release|Any CPU
		{C2B45627-80C3-4A19-A277-0A84EC44F9CB}.Release|x64.ActiveCfg = Release|Any CPU
		{C2B45627-80C3-4A19-A277-0A84EC44F9CB}.Release|x64.Build.0 = Release|Any CPU
		{C2B45627-80C3-4A19-A277-0A84EC44F9CB}.Release|x64.Deploy.0 = Release|Any CPU
		{C2B45627-80C3-4A19-A277-0A84EC44F9CB}.Release|x86.ActiveCfg = Release|Any CPU
		{C2B45627-80C3-4A19-A277-0A84EC44F9CB}.Release|x86.Build.0 = Release|Any CPU
		{C2B45627-80C3-4A19-A277-0A84EC44F9CB}.Release|x86.Deploy.0 = Release|Any CPU
	EndGlobalSection
	GlobalSection(SolutionProperties) = preSolution
		HideSolutionNode = FALSE
	EndGlobalSection
	GlobalSection(ExtensibilityGlobals) = postSolution
		SolutionGuid = {4C02B333-73D1-4492-8988-8DD21D978403}
	EndGlobalSection
EndGlobal
