
Microsoft Visual Studio Solution File, Format Version 12.00
# Visual Studio Version 17
VisualStudioVersion = 17.6.33829.357
MinimumVisualStudioVersion = 10.0.40219.1
Project("{FAE04EC0-301F-11D3-BF4B-00C04F79EFBC}") = "CaffeeMenuApp.UWP", "CaffeeMenuApp\CaffeeMenuApp.UWP\CaffeeMenuApp.UWP.csproj", "{50DE6C8E-D853-4C8E-B78E-8844EE4285F5}"
EndProject
Project("{FAE04EC0-301F-11D3-BF4B-00C04F79EFBC}") = "CaffeeMenuApp.Android", "CaffeeMenuApp\CaffeeMenuApp.Android\CaffeeMenuApp.Android.csproj", "{EB58BB37-ECE2-4CF5-8790-51B6989E455F}"
EndProject
Project("{FAE04EC0-301F-11D3-BF4B-00C04F79EFBC}") = "CaffeeMenuApp.iOS", "CaffeeMenuApp\CaffeeMenuApp.iOS\CaffeeMenuApp.iOS.csproj", "{F30D5B12-A402-4330-A903-60CE84F1B5EA}"
EndProject
Project("{9A19103F-16F7-4668-BE54-9A1E7A4F7556}") = "CaffeeMenuApp", "CaffeeMenuApp\CaffeeMenuApp\CaffeeMenuApp.csproj", "{3C1F21D0-049D-4669-B5B5-0EDBD8EBC915}"
EndProject
Global
	GlobalSection(SolutionConfigurationPlatforms) = preSolution
		Debug|Any CPU = Debug|Any CPU
		Debug|ARM = Debug|ARM
		Debug|iPhone = Debug|iPhone
		Debug|iPhoneSimulator = Debug|iPhoneSimulator
		Debug|x64 = Debug|x64
		Debug|x86 = Debug|x86
		Release|Any CPU = Release|Any CPU
		Release|ARM = Release|ARM
		Release|iPhone = Release|iPhone
		Release|iPhoneSimulator = Release|iPhoneSimulator
		Release|x64 = Release|x64
		Release|x86 = Release|x86
	EndGlobalSection
	GlobalSection(ProjectConfigurationPlatforms) = postSolution
		{50DE6C8E-D853-4C8E-B78E-8844EE4285F5}.Debug|Any CPU.ActiveCfg = Debug|x64
		{50DE6C8E-D853-4C8E-B78E-8844EE4285F5}.Debug|Any CPU.Build.0 = Debug|x64
		{50DE6C8E-D853-4C8E-B78E-8844EE4285F5}.Debug|Any CPU.Deploy.0 = Debug|x64
		{50DE6C8E-D853-4C8E-B78E-8844EE4285F5}.Debug|ARM.ActiveCfg = Debug|ARM
		{50DE6C8E-D853-4C8E-B78E-8844EE4285F5}.Debug|ARM.Build.0 = Debug|ARM
		{50DE6C8E-D853-4C8E-B78E-8844EE4285F5}.Debug|ARM.Deploy.0 = Debug|ARM
		{50DE6C8E-D853-4C8E-B78E-8844EE4285F5}.Debug|iPhone.ActiveCfg = Debug|x64
		{50DE6C8E-D853-4C8E-B78E-8844EE4285F5}.Debug|iPhone.Build.0 = Debug|x64
		{50DE6C8E-D853-4C8E-B78E-8844EE4285F5}.Debug|iPhone.Deploy.0 = Debug|x64
		{50DE6C8E-D853-4C8E-B78E-8844EE4285F5}.Debug|iPhoneSimulator.ActiveCfg = Debug|x64
		{50DE6C8E-D853-4C8E-B78E-8844EE4285F5}.Debug|iPhoneSimulator.Build.0 = Debug|x64
		{50DE6C8E-D853-4C8E-B78E-8844EE4285F5}.Debug|iPhoneSimulator.Deploy.0 = Debug|x64
		{50DE6C8E-D853-4C8E-B78E-8844EE4285F5}.Debug|x64.ActiveCfg = Debug|x64
		{50DE6C8E-D853-4C8E-B78E-8844EE4285F5}.Debug|x64.Build.0 = Debug|x64
		{50DE6C8E-D853-4C8E-B78E-8844EE4285F5}.Debug|x64.Deploy.0 = Debug|x64
		{50DE6C8E-D853-4C8E-B78E-8844EE4285F5}.Debug|x86.ActiveCfg = Debug|x86
		{50DE6C8E-D853-4C8E-B78E-8844EE4285F5}.Debug|x86.Build.0 = Debug|x86
		{50DE6C8E-D853-4C8E-B78E-8844EE4285F5}.Debug|x86.Deploy.0 = Debug|x86
		{50DE6C8E-D853-4C8E-B78E-8844EE4285F5}.Release|Any CPU.ActiveCfg = Release|x64
		{50DE6C8E-D853-4C8E-B78E-8844EE4285F5}.Release|Any CPU.Build.0 = Release|x64
		{50DE6C8E-D853-4C8E-B78E-8844EE4285F5}.Release|Any CPU.Deploy.0 = Release|x64
		{50DE6C8E-D853-4C8E-B78E-8844EE4285F5}.Release|ARM.ActiveCfg = Release|ARM
		{50DE6C8E-D853-4C8E-B78E-8844EE4285F5}.Release|ARM.Build.0 = Release|ARM
		{50DE6C8E-D853-4C8E-B78E-8844EE4285F5}.Release|ARM.Deploy.0 = Release|ARM
		{50DE6C8E-D853-4C8E-B78E-8844EE4285F5}.Release|iPhone.ActiveCfg = Release|x64
		{50DE6C8E-D853-4C8E-B78E-8844EE4285F5}.Release|iPhone.Build.0 = Release|x64
		{50DE6C8E-D853-4C8E-B78E-8844EE4285F5}.Release|iPhone.Deploy.0 = Release|x64
		{50DE6C8E-D853-4C8E-B78E-8844EE4285F5}.Release|iPhoneSimulator.ActiveCfg = Release|x64
		{50DE6C8E-D853-4C8E-B78E-8844EE4285F5}.Release|iPhoneSimulator.Build.0 = Release|x64
		{50DE6C8E-D853-4C8E-B78E-8844EE4285F5}.Release|iPhoneSimulator.Deploy.0 = Release|x64
		{50DE6C8E-D853-4C8E-B78E-8844EE4285F5}.Release|x64.ActiveCfg = Release|x64
		{50DE6C8E-D853-4C8E-B78E-8844EE4285F5}.Release|x64.Build.0 = Release|x64
		{50DE6C8E-D853-4C8E-B78E-8844EE4285F5}.Release|x64.Deploy.0 = Release|x64
		{50DE6C8E-D853-4C8E-B78E-8844EE4285F5}.Release|x86.ActiveCfg = Release|x86
		{50DE6C8E-D853-4C8E-B78E-8844EE4285F5}.Release|x86.Build.0 = Release|x86
		{50DE6C8E-D853-4C8E-B78E-8844EE4285F5}.Release|x86.Deploy.0 = Release|x86
		{EB58BB37-ECE2-4CF5-8790-51B6989E455F}.Debug|Any CPU.ActiveCfg = Debug|Any CPU
		{EB58BB37-ECE2-4CF5-8790-51B6989E455F}.Debug|Any CPU.Build.0 = Debug|Any CPU
		{EB58BB37-ECE2-4CF5-8790-51B6989E455F}.Debug|Any CPU.Deploy.0 = Debug|Any CPU
		{EB58BB37-ECE2-4CF5-8790-51B6989E455F}.Debug|ARM.ActiveCfg = Debug|Any CPU
		{EB58BB37-ECE2-4CF5-8790-51B6989E455F}.Debug|ARM.Build.0 = Debug|Any CPU
		{EB58BB37-ECE2-4CF5-8790-51B6989E455F}.Debug|ARM.Deploy.0 = Debug|Any CPU
		{EB58BB37-ECE2-4CF5-8790-51B6989E455F}.Debug|iPhone.ActiveCfg = Debug|Any CPU
		{EB58BB37-ECE2-4CF5-8790-51B6989E455F}.Debug|iPhone.Build.0 = Debug|Any CPU
		{EB58BB37-ECE2-4CF5-8790-51B6989E455F}.Debug|iPhone.Deploy.0 = Debug|Any CPU
		{EB58BB37-ECE2-4CF5-8790-51B6989E455F}.Debug|iPhoneSimulator.ActiveCfg = Debug|Any CPU
		{EB58BB37-ECE2-4CF5-8790-51B6989E455F}.Debug|iPhoneSimulator.Build.0 = Debug|Any CPU
		{EB58BB37-ECE2-4CF5-8790-51B6989E455F}.Debug|iPhoneSimulator.Deploy.0 = Debug|Any CPU
		{EB58BB37-ECE2-4CF5-8790-51B6989E455F}.Debug|x64.ActiveCfg = Debug|Any CPU
		{EB58BB37-ECE2-4CF5-8790-51B6989E455F}.Debug|x64.Build.0 = Debug|Any CPU
		{EB58BB37-ECE2-4CF5-8790-51B6989E455F}.Debug|x64.Deploy.0 = Debug|Any CPU
		{EB58BB37-ECE2-4CF5-8790-51B6989E455F}.Debug|x86.ActiveCfg = Debug|Any CPU
		{EB58BB37-ECE2-4CF5-8790-51B6989E455F}.Debug|x86.Build.0 = Debug|Any CPU
		{EB58BB37-ECE2-4CF5-8790-51B6989E455F}.Debug|x86.Deploy.0 = Debug|Any CPU
		{EB58BB37-ECE2-4CF5-8790-51B6989E455F}.Release|Any CPU.ActiveCfg = Release|Any CPU
		{EB58BB37-ECE2-4CF5-8790-51B6989E455F}.Release|Any CPU.Build.0 = Release|Any CPU
		{EB58BB37-ECE2-4CF5-8790-51B6989E455F}.Release|Any CPU.Deploy.0 = Release|Any CPU
		{EB58BB37-ECE2-4CF5-8790-51B6989E455F}.Release|ARM.ActiveCfg = Release|Any CPU
		{EB58BB37-ECE2-4CF5-8790-51B6989E455F}.Release|ARM.Build.0 = Release|Any CPU
		{EB58BB37-ECE2-4CF5-8790-51B6989E455F}.Release|ARM.Deploy.0 = Release|Any CPU
		{EB58BB37-ECE2-4CF5-8790-51B6989E455F}.Release|iPhone.ActiveCfg = Release|Any CPU
		{EB58BB37-ECE2-4CF5-8790-51B6989E455F}.Release|iPhone.Build.0 = Release|Any CPU
		{EB58BB37-ECE2-4CF5-8790-51B6989E455F}.Release|iPhone.Deploy.0 = Release|Any CPU
		{EB58BB37-ECE2-4CF5-8790-51B6989E455F}.Release|iPhoneSimulator.ActiveCfg = Release|Any CPU
		{EB58BB37-ECE2-4CF5-8790-51B6989E455F}.Release|iPhoneSimulator.Build.0 = Release|Any CPU
		{EB58BB37-ECE2-4CF5-8790-51B6989E455F}.Release|iPhoneSimulator.Deploy.0 = Release|Any CPU
		{EB58BB37-ECE2-4CF5-8790-51B6989E455F}.Release|x64.ActiveCfg = Release|Any CPU
		{EB58BB37-ECE2-4CF5-8790-51B6989E455F}.Release|x64.Build.0 = Release|Any CPU
		{EB58BB37-ECE2-4CF5-8790-51B6989E455F}.Release|x64.Deploy.0 = Release|Any CPU
		{EB58BB37-ECE2-4CF5-8790-51B6989E455F}.Release|x86.ActiveCfg = Release|Any CPU
		{EB58BB37-ECE2-4CF5-8790-51B6989E455F}.Release|x86.Build.0 = Release|Any CPU
		{EB58BB37-ECE2-4CF5-8790-51B6989E455F}.Release|x86.Deploy.0 = Release|Any CPU
		{F30D5B12-A402-4330-A903-60CE84F1B5EA}.Debug|Any CPU.ActiveCfg = Debug|iPhoneSimulator
		{F30D5B12-A402-4330-A903-60CE84F1B5EA}.Debug|Any CPU.Build.0 = Debug|iPhoneSimulator
		{F30D5B12-A402-4330-A903-60CE84F1B5EA}.Debug|Any CPU.Deploy.0 = Debug|iPhoneSimulator
		{F30D5B12-A402-4330-A903-60CE84F1B5EA}.Debug|ARM.ActiveCfg = Debug|iPhoneSimulator
		{F30D5B12-A402-4330-A903-60CE84F1B5EA}.Debug|ARM.Build.0 = Debug|iPhoneSimulator
		{F30D5B12-A402-4330-A903-60CE84F1B5EA}.Debug|ARM.Deploy.0 = Debug|iPhoneSimulator
		{F30D5B12-A402-4330-A903-60CE84F1B5EA}.Debug|iPhone.ActiveCfg = Debug|iPhone
		{F30D5B12-A402-4330-A903-60CE84F1B5EA}.Debug|iPhone.Build.0 = Debug|iPhone
		{F30D5B12-A402-4330-A903-60CE84F1B5EA}.Debug|iPhone.Deploy.0 = Debug|iPhone
		{F30D5B12-A402-4330-A903-60CE84F1B5EA}.Debug|iPhoneSimulator.ActiveCfg = Debug|iPhoneSimulator
		{F30D5B12-A402-4330-A903-60CE84F1B5EA}.Debug|iPhoneSimulator.Build.0 = Debug|iPhoneSimulator
		{F30D5B12-A402-4330-A903-60CE84F1B5EA}.Debug|iPhoneSimulator.Deploy.0 = Debug|iPhoneSimulator
		{F30D5B12-A402-4330-A903-60CE84F1B5EA}.Debug|x64.ActiveCfg = Debug|iPhone
		{F30D5B12-A402-4330-A903-60CE84F1B5EA}.Debug|x64.Build.0 = Debug|iPhone
		{F30D5B12-A402-4330-A903-60CE84F1B5EA}.Debug|x64.Deploy.0 = Debug|iPhone
		{F30D5B12-A402-4330-A903-60CE84F1B5EA}.Debug|x86.ActiveCfg = Debug|iPhoneSimulator
		{F30D5B12-A402-4330-A903-60CE84F1B5EA}.Debug|x86.Build.0 = Debug|iPhoneSimulator
		{F30D5B12-A402-4330-A903-60CE84F1B5EA}.Debug|x86.Deploy.0 = Debug|iPhoneSimulator
		{F30D5B12-A402-4330-A903-60CE84F1B5EA}.Release|Any CPU.ActiveCfg = Release|iPhoneSimulator
		{F30D5B12-A402-4330-A903-60CE84F1B5EA}.Release|Any CPU.Build.0 = Release|iPhoneSimulator
		{F30D5B12-A402-4330-A903-60CE84F1B5EA}.Release|Any CPU.Deploy.0 = Release|iPhoneSimulator
		{F30D5B12-A402-4330-A903-60CE84F1B5EA}.Release|ARM.ActiveCfg = Release|iPhoneSimulator
		{F30D5B12-A402-4330-A903-60CE84F1B5EA}.Release|ARM.Build.0 = Release|iPhoneSimulator
		{F30D5B12-A402-4330-A903-60CE84F1B5EA}.Release|ARM.Deploy.0 = Release|iPhoneSimulator
		{F30D5B12-A402-4330-A903-60CE84F1B5EA}.Release|iPhone.ActiveCfg = Release|iPhone
		{F30D5B12-A402-4330-A903-60CE84F1B5EA}.Release|iPhone.Build.0 = Release|iPhone
		{F30D5B12-A402-4330-A903-60CE84F1B5EA}.Release|iPhone.Deploy.0 = Release|iPhone
		{F30D5B12-A402-4330-A903-60CE84F1B5EA}.Release|iPhoneSimulator.ActiveCfg = Release|iPhoneSimulator
		{F30D5B12-A402-4330-A903-60CE84F1B5EA}.Release|iPhoneSimulator.Build.0 = Release|iPhoneSimulator
		{F30D5B12-A402-4330-A903-60CE84F1B5EA}.Release|iPhoneSimulator.Deploy.0 = Release|iPhoneSimulator
		{F30D5B12-A402-4330-A903-60CE84F1B5EA}.Release|x64.ActiveCfg = Release|iPhoneSimulator
		{F30D5B12-A402-4330-A903-60CE84F1B5EA}.Release|x64.Build.0 = Release|iPhoneSimulator
		{F30D5B12-A402-4330-A903-60CE84F1B5EA}.Release|x64.Deploy.0 = Release|iPhoneSimulator
		{F30D5B12-A402-4330-A903-60CE84F1B5EA}.Release|x86.ActiveCfg = Release|iPhoneSimulator
		{F30D5B12-A402-4330-A903-60CE84F1B5EA}.Release|x86.Build.0 = Release|iPhoneSimulator
		{F30D5B12-A402-4330-A903-60CE84F1B5EA}.Release|x86.Deploy.0 = Release|iPhoneSimulator
		{3C1F21D0-049D-4669-B5B5-0EDBD8EBC915}.Debug|Any CPU.ActiveCfg = Debug|Any CPU
		{3C1F21D0-049D-4669-B5B5-0EDBD8EBC915}.Debug|Any CPU.Build.0 = Debug|Any CPU
		{3C1F21D0-049D-4669-B5B5-0EDBD8EBC915}.Debug|Any CPU.Deploy.0 = Debug|Any CPU
		{3C1F21D0-049D-4669-B5B5-0EDBD8EBC915}.Debug|ARM.ActiveCfg = Debug|Any CPU
		{3C1F21D0-049D-4669-B5B5-0EDBD8EBC915}.Debug|ARM.Build.0 = Debug|Any CPU
		{3C1F21D0-049D-4669-B5B5-0EDBD8EBC915}.Debug|ARM.Deploy.0 = Debug|Any CPU
		{3C1F21D0-049D-4669-B5B5-0EDBD8EBC915}.Debug|iPhone.ActiveCfg = Debug|Any CPU
		{3C1F21D0-049D-4669-B5B5-0EDBD8EBC915}.Debug|iPhone.Build.0 = Debug|Any CPU
		{3C1F21D0-049D-4669-B5B5-0EDBD8EBC915}.Debug|iPhone.Deploy.0 = Debug|Any CPU
		{3C1F21D0-049D-4669-B5B5-0EDBD8EBC915}.Debug|iPhoneSimulator.ActiveCfg = Debug|Any CPU
		{3C1F21D0-049D-4669-B5B5-0EDBD8EBC915}.Debug|iPhoneSimulator.Build.0 = Debug|Any CPU
		{3C1F21D0-049D-4669-B5B5-0EDBD8EBC915}.Debug|iPhoneSimulator.Deploy.0 = Debug|Any CPU
		{3C1F21D0-049D-4669-B5B5-0EDBD8EBC915}.Debug|x64.ActiveCfg = Debug|Any CPU
		{3C1F21D0-049D-4669-B5B5-0EDBD8EBC915}.Debug|x64.Build.0 = Debug|Any CPU
		{3C1F21D0-049D-4669-B5B5-0EDBD8EBC915}.Debug|x64.Deploy.0 = Debug|Any CPU
		{3C1F21D0-049D-4669-B5B5-0EDBD8EBC915}.Debug|x86.ActiveCfg = Debug|Any CPU
		{3C1F21D0-049D-4669-B5B5-0EDBD8EBC915}.Debug|x86.Build.0 = Debug|Any CPU
		{3C1F21D0-049D-4669-B5B5-0EDBD8EBC915}.Debug|x86.Deploy.0 = Debug|Any CPU
		{3C1F21D0-049D-4669-B5B5-0EDBD8EBC915}.Release|Any CPU.ActiveCfg = Release|Any CPU
		{3C1F21D0-049D-4669-B5B5-0EDBD8EBC915}.Release|Any CPU.Build.0 = Release|Any CPU
		{3C1F21D0-049D-4669-B5B5-0EDBD8EBC915}.Release|Any CPU.Deploy.0 = Release|Any CPU
		{3C1F21D0-049D-4669-B5B5-0EDBD8EBC915}.Release|ARM.ActiveCfg = Release|Any CPU
		{3C1F21D0-049D-4669-B5B5-0EDBD8EBC915}.Release|ARM.Build.0 = Release|Any CPU
		{3C1F21D0-049D-4669-B5B5-0EDBD8EBC915}.Release|ARM.Deploy.0 = Release|Any CPU
		{3C1F21D0-049D-4669-B5B5-0EDBD8EBC915}.Release|iPhone.ActiveCfg = Release|Any CPU
		{3C1F21D0-049D-4669-B5B5-0EDBD8EBC915}.Release|iPhone.Build.0 = Release|Any CPU
		{3C1F21D0-049D-4669-B5B5-0EDBD8EBC915}.Release|iPhone.Deploy.0 = Release|Any CPU
		{3C1F21D0-049D-4669-B5B5-0EDBD8EBC915}.Release|iPhoneSimulator.ActiveCfg = Release|Any CPU
		{3C1F21D0-049D-4669-B5B5-0EDBD8EBC915}.Release|iPhoneSimulator.Build.0 = Release|Any CPU
		{3C1F21D0-049D-4669-B5B5-0EDBD8EBC915}.Release|iPhoneSimulator.Deploy.0 = Release|Any CPU
		{3C1F21D0-049D-4669-B5B5-0EDBD8EBC915}.Release|x64.ActiveCfg = Release|Any CPU
		{3C1F21D0-049D-4669-B5B5-0EDBD8EBC915}.Release|x64.Build.0 = Release|Any CPU
		{3C1F21D0-049D-4669-B5B5-0EDBD8EBC915}.Release|x64.Deploy.0 = Release|Any CPU
		{3C1F21D0-049D-4669-B5B5-0EDBD8EBC915}.Release|x86.ActiveCfg = Release|Any CPU
		{3C1F21D0-049D-4669-B5B5-0EDBD8EBC915}.Release|x86.Build.0 = Release|Any CPU
		{3C1F21D0-049D-4669-B5B5-0EDBD8EBC915}.Release|x86.Deploy.0 = Release|Any CPU
	EndGlobalSection
	GlobalSection(SolutionProperties) = preSolution
		HideSolutionNode = FALSE
	EndGlobalSection
	GlobalSection(ExtensibilityGlobals) = postSolution
		SolutionGuid = {5D85DD70-1D7F-49B1-B3E3-F36403048C60}
	EndGlobalSection
EndGlobal
